// !$*UTF8*$!
{
	archiveVersion = 1;
	classes = {
	};
	objectVersion = 50;
	objects = {

/* Begin PBXBuildFile section */
		0E014B98231BEEEB008C4969 /* Extension.framework in Frameworks */ = {isa = PBXBuildFile; fileRef = 0E014B8F231BEEEB008C4969 /* Extension.framework */; };
		0E014B9F231BEEEB008C4969 /* ExtensionTests.swift in Sources */ = {isa = PBXBuildFile; fileRef = 0E014B9E231BEEEB008C4969 /* ExtensionTests.swift */; };
		0E014BA1231BEEEB008C4969 /* Extension.h in Headers */ = {isa = PBXBuildFile; fileRef = 0E014B91231BEEEB008C4969 /* Extension.h */; settings = {ATTRIBUTES = (Public, ); }; };
		0E014BA4231BEEEB008C4969 /* Extension.framework in Frameworks */ = {isa = PBXBuildFile; fileRef = 0E014B8F231BEEEB008C4969 /* Extension.framework */; };
		0E014BA5231BEEEB008C4969 /* Extension.framework in Embed Frameworks */ = {isa = PBXBuildFile; fileRef = 0E014B8F231BEEEB008C4969 /* Extension.framework */; settings = {ATTRIBUTES = (CodeSignOnCopy, RemoveHeadersOnCopy, ); }; };
		0E014BB0231BEF50008C4969 /* UIViewController+showPopover.swift in Sources */ = {isa = PBXBuildFile; fileRef = 0E014BAD231BEF50008C4969 /* UIViewController+showPopover.swift */; };
		0E014BB1231BEF50008C4969 /* UIColor+hexColor.swift in Sources */ = {isa = PBXBuildFile; fileRef = 0E014BAE231BEF50008C4969 /* UIColor+hexColor.swift */; };
		0E014BB2231BEF50008C4969 /* UIAlertController+showAlert.swift in Sources */ = {isa = PBXBuildFile; fileRef = 0E014BAF231BEF50008C4969 /* UIAlertController+showAlert.swift */; };
		0E014BC1231BF2F1008C4969 /* JSONExport.framework in Frameworks */ = {isa = PBXBuildFile; fileRef = 0E014BB8231BF2F1008C4969 /* JSONExport.framework */; };
		0E014BC8231BF2F1008C4969 /* JSONExportTests.swift in Sources */ = {isa = PBXBuildFile; fileRef = 0E014BC7231BF2F1008C4969 /* JSONExportTests.swift */; };
		0E014BCA231BF2F1008C4969 /* JSONExport.h in Headers */ = {isa = PBXBuildFile; fileRef = 0E014BBA231BF2F1008C4969 /* JSONExport.h */; settings = {ATTRIBUTES = (Public, ); }; };
		0E014BCD231BF2F1008C4969 /* JSONExport.framework in Frameworks */ = {isa = PBXBuildFile; fileRef = 0E014BB8231BF2F1008C4969 /* JSONExport.framework */; };
		0E014BCE231BF2F1008C4969 /* JSONExport.framework in Embed Frameworks */ = {isa = PBXBuildFile; fileRef = 0E014BB8231BF2F1008C4969 /* JSONExport.framework */; settings = {ATTRIBUTES = (CodeSignOnCopy, RemoveHeadersOnCopy, ); }; };
		0E014BE2231BF32A008C4969 /* CityDataList.swift in Sources */ = {isa = PBXBuildFile; fileRef = 0E014BD6231BF32A008C4969 /* CityDataList.swift */; };
		0E014BE3231BF32A008C4969 /* CityData.swift in Sources */ = {isa = PBXBuildFile; fileRef = 0E014BD7231BF32A008C4969 /* CityData.swift */; };
		0E014BE4231BF32A008C4969 /* Forecast.swift in Sources */ = {isa = PBXBuildFile; fileRef = 0E014BD9231BF32A008C4969 /* Forecast.swift */; };
		0E014BE5231BF32A008C4969 /* Location.swift in Sources */ = {isa = PBXBuildFile; fileRef = 0E014BDA231BF32A008C4969 /* Location.swift */; };
		0E014BE6231BF32A008C4969 /* Max.swift in Sources */ = {isa = PBXBuildFile; fileRef = 0E014BDB231BF32A008C4969 /* Max.swift */; };
		0E014BE7231BF32A008C4969 /* Description.swift in Sources */ = {isa = PBXBuildFile; fileRef = 0E014BDC231BF32A008C4969 /* Description.swift */; };
		0E014BE8231BF32A008C4969 /* Copyright.swift in Sources */ = {isa = PBXBuildFile; fileRef = 0E014BDD231BF32A008C4969 /* Copyright.swift */; };
		0E014BE9231BF32A008C4969 /* Provider.swift in Sources */ = {isa = PBXBuildFile; fileRef = 0E014BDE231BF32A008C4969 /* Provider.swift */; };
		0E014BEA231BF32A008C4969 /* Image.swift in Sources */ = {isa = PBXBuildFile; fileRef = 0E014BDF231BF32A008C4969 /* Image.swift */; };
		0E014BEB231BF32A008C4969 /* Temperature.swift in Sources */ = {isa = PBXBuildFile; fileRef = 0E014BE0231BF32A008C4969 /* Temperature.swift */; };
		0E014BEC231BF32A008C4969 /* Weather.swift in Sources */ = {isa = PBXBuildFile; fileRef = 0E014BE1231BF32A008C4969 /* Weather.swift */; };
		0E391A2C22B69F7F0018B48A /* AreaFilter.storyboard in Resources */ = {isa = PBXBuildFile; fileRef = 0E391A2E22B69F7F0018B48A /* AreaFilter.storyboard */; };
		0E391A2F22B69FA80018B48A /* PrefectureList.storyboard in Resources */ = {isa = PBXBuildFile; fileRef = 0E391A3122B69FA80018B48A /* PrefectureList.storyboard */; };
		0E391A3222B69FBF0018B48A /* Weather.storyboard in Resources */ = {isa = PBXBuildFile; fileRef = 0E391A3422B69FBF0018B48A /* Weather.storyboard */; };
		0E391A3522B69FC70018B48A /* WeatherInfoView.xib in Resources */ = {isa = PBXBuildFile; fileRef = 0E391A3722B69FC70018B48A /* WeatherInfoView.xib */; };
		0E391A4F22B6B1320018B48A /* Localizable.strings in Resources */ = {isa = PBXBuildFile; fileRef = 0E391A5122B6B1320018B48A /* Localizable.strings */; };
		0E391A5522B7A9D80018B48A /* InfoPlist.strings in Resources */ = {isa = PBXBuildFile; fileRef = 0E391A5722B7A9D80018B48A /* InfoPlist.strings */; };
		0E47B2DB22758D6100C5A364 /* Settings.bundle in Resources */ = {isa = PBXBuildFile; fileRef = 0E47B2DA22758D6100C5A364 /* Settings.bundle */; };
		0E47B2DE2275CB4800C5A364 /* AreaFilterTests.swift in Sources */ = {isa = PBXBuildFile; fileRef = 0E47B2DD2275CB4800C5A364 /* AreaFilterTests.swift */; };
		0E47B2E02275F6D000C5A364 /* Alamofire.framework in Frameworks */ = {isa = PBXBuildFile; fileRef = 0E5A82E02274A4610035C004 /* Alamofire.framework */; };
		0E47B2E12275F6D000C5A364 /* DIKit.framework in Frameworks */ = {isa = PBXBuildFile; fileRef = 0E5A82ED227567890035C004 /* DIKit.framework */; };
		0E47B2E22275F6D000C5A364 /* ReactiveCocoa.framework in Frameworks */ = {isa = PBXBuildFile; fileRef = 0E5A82E12274A4610035C004 /* ReactiveCocoa.framework */; };
		0E47B2E32275F6D000C5A364 /* ReactiveMapKit.framework in Frameworks */ = {isa = PBXBuildFile; fileRef = 0E5A82DD2274A4610035C004 /* ReactiveMapKit.framework */; };
		0E47B2E42275F6D000C5A364 /* ReactiveSwift.framework in Frameworks */ = {isa = PBXBuildFile; fileRef = 0E5A82E22274A4610035C004 /* ReactiveSwift.framework */; };
		0E47B2E52275F6D000C5A364 /* Result.framework in Frameworks */ = {isa = PBXBuildFile; fileRef = 0E5A82DE2274A4610035C004 /* Result.framework */; };
		0E47B2E62275F6D000C5A364 /* SVProgressHUD.framework in Frameworks */ = {isa = PBXBuildFile; fileRef = 0E5A82DF2274A4610035C004 /* SVProgressHUD.framework */; };
		0E47B2E82275F8C000C5A364 /* PrefectureListTests.swift in Sources */ = {isa = PBXBuildFile; fileRef = 0E47B2E72275F8C000C5A364 /* PrefectureListTests.swift */; };
		0E47B2EA2276015C00C5A364 /* WeatherTests.swift in Sources */ = {isa = PBXBuildFile; fileRef = 0E47B2E92276015C00C5A364 /* WeatherTests.swift */; };
		0E47B2EC227617CE00C5A364 /* TestWeather.json in Resources */ = {isa = PBXBuildFile; fileRef = 0E47B2EB227617CE00C5A364 /* TestWeather.json */; };
		0E47B2ED2276228200C5A364 /* Alamofire.framework in Frameworks */ = {isa = PBXBuildFile; fileRef = 0E5A82E02274A4610035C004 /* Alamofire.framework */; settings = {ATTRIBUTES = (Weak, ); }; };
		0E47B2EE2276228200C5A364 /* DIKit.framework in Frameworks */ = {isa = PBXBuildFile; fileRef = 0E5A82ED227567890035C004 /* DIKit.framework */; settings = {ATTRIBUTES = (Weak, ); }; };
		0E47B2EF2276228200C5A364 /* ReactiveCocoa.framework in Frameworks */ = {isa = PBXBuildFile; fileRef = 0E5A82E12274A4610035C004 /* ReactiveCocoa.framework */; settings = {ATTRIBUTES = (Weak, ); }; };
		0E47B2F02276228200C5A364 /* ReactiveMapKit.framework in Frameworks */ = {isa = PBXBuildFile; fileRef = 0E5A82DD2274A4610035C004 /* ReactiveMapKit.framework */; settings = {ATTRIBUTES = (Weak, ); }; };
		0E47B2F12276228200C5A364 /* ReactiveSwift.framework in Frameworks */ = {isa = PBXBuildFile; fileRef = 0E5A82E22274A4610035C004 /* ReactiveSwift.framework */; settings = {ATTRIBUTES = (Weak, ); }; };
		0E47B2F22276228200C5A364 /* Result.framework in Frameworks */ = {isa = PBXBuildFile; fileRef = 0E5A82DE2274A4610035C004 /* Result.framework */; settings = {ATTRIBUTES = (Weak, ); }; };
		0E47B2F32276228200C5A364 /* SVProgressHUD.framework in Frameworks */ = {isa = PBXBuildFile; fileRef = 0E5A82DF2274A4610035C004 /* SVProgressHUD.framework */; settings = {ATTRIBUTES = (Weak, ); }; };
		0E5A82B92270CF550035C004 /* AreaFilterViewModel.swift in Sources */ = {isa = PBXBuildFile; fileRef = 0E5A82902270CF550035C004 /* AreaFilterViewModel.swift */; };
		0E5A82BA2270CF550035C004 /* AreaFilterModel.swift in Sources */ = {isa = PBXBuildFile; fileRef = 0E5A82922270CF550035C004 /* AreaFilterModel.swift */; };
		0E5A82BB2270CF550035C004 /* AreaFilterViewController.swift in Sources */ = {isa = PBXBuildFile; fileRef = 0E5A82942270CF550035C004 /* AreaFilterViewController.swift */; };
		0E5A82BD2270CF550035C004 /* AreaFilterTableViewCell.swift in Sources */ = {isa = PBXBuildFile; fileRef = 0E5A82972270CF550035C004 /* AreaFilterTableViewCell.swift */; };
		0E5A82BF2270CF550035C004 /* PrefectureListViewModel.swift in Sources */ = {isa = PBXBuildFile; fileRef = 0E5A829B2270CF550035C004 /* PrefectureListViewModel.swift */; };
		0E5A82C32270CF550035C004 /* PrefectureListViewController.swift in Sources */ = {isa = PBXBuildFile; fileRef = 0E5A82A22270CF550035C004 /* PrefectureListViewController.swift */; };
		0E5A82C42270CF550035C004 /* PrefectureListTableViewCell.swift in Sources */ = {isa = PBXBuildFile; fileRef = 0E5A82A42270CF550035C004 /* PrefectureListTableViewCell.swift */; };
		0E5A82C62270CF550035C004 /* WeatherViewModel.swift in Sources */ = {isa = PBXBuildFile; fileRef = 0E5A82A82270CF550035C004 /* WeatherViewModel.swift */; };
		0E5A82D12270CF550035C004 /* WeatherViewController.swift in Sources */ = {isa = PBXBuildFile; fileRef = 0E5A82B62270CF550035C004 /* WeatherViewController.swift */; };
		0E5A82D32270CF550035C004 /* WeatherInfoView.swift in Sources */ = {isa = PBXBuildFile; fileRef = 0E5A82B82270CF550035C004 /* WeatherInfoView.swift */; };
		0E5A82D52271BD0A0035C004 /* WeatherInfoViewModel.swift in Sources */ = {isa = PBXBuildFile; fileRef = 0E5A82D42271BD0A0035C004 /* WeatherInfoViewModel.swift */; };
		0E5A82D72271C91B0035C004 /* PrefectureListCellViewModel.swift in Sources */ = {isa = PBXBuildFile; fileRef = 0E5A82D62271C91B0035C004 /* PrefectureListCellViewModel.swift */; };
		0E5A82D92271C9310035C004 /* AreaFilterCellViewModel.swift in Sources */ = {isa = PBXBuildFile; fileRef = 0E5A82D82271C9310035C004 /* AreaFilterCellViewModel.swift */; };
		0E5A82DC22726B6E0035C004 /* R.generated.swift in Sources */ = {isa = PBXBuildFile; fileRef = 0E5A82DB22726B6E0035C004 /* R.generated.swift */; };
		0E5A82E32274A4610035C004 /* ReactiveMapKit.framework in Frameworks */ = {isa = PBXBuildFile; fileRef = 0E5A82DD2274A4610035C004 /* ReactiveMapKit.framework */; };
		0E5A82E42274A4610035C004 /* Result.framework in Frameworks */ = {isa = PBXBuildFile; fileRef = 0E5A82DE2274A4610035C004 /* Result.framework */; };
		0E5A82E52274A4610035C004 /* SVProgressHUD.framework in Frameworks */ = {isa = PBXBuildFile; fileRef = 0E5A82DF2274A4610035C004 /* SVProgressHUD.framework */; };
		0E5A82E62274A4610035C004 /* Alamofire.framework in Frameworks */ = {isa = PBXBuildFile; fileRef = 0E5A82E02274A4610035C004 /* Alamofire.framework */; };
		0E5A82E72274A4610035C004 /* ReactiveCocoa.framework in Frameworks */ = {isa = PBXBuildFile; fileRef = 0E5A82E12274A4610035C004 /* ReactiveCocoa.framework */; };
		0E5A82E82274A4610035C004 /* ReactiveSwift.framework in Frameworks */ = {isa = PBXBuildFile; fileRef = 0E5A82E22274A4610035C004 /* ReactiveSwift.framework */; };
		0E5A82EB2274BD570035C004 /* APIClient.swift in Sources */ = {isa = PBXBuildFile; fileRef = 0E5A82EA2274BD570035C004 /* APIClient.swift */; };
		0E5A82EE227567890035C004 /* DIKit.framework in Frameworks */ = {isa = PBXBuildFile; fileRef = 0E5A82ED227567890035C004 /* DIKit.framework */; };
		0E9317BA22B1575B0060B531 /* AppResolver.swift in Sources */ = {isa = PBXBuildFile; fileRef = 0E9317B922B1575B0060B531 /* AppResolver.swift */; };
		0EAFDEF722AC203100E23041 /* AppResolver.generated.swift in Sources */ = {isa = PBXBuildFile; fileRef = 0EAFDEF622AC203100E23041 /* AppResolver.generated.swift */; };
		0EDA9FA421D8FB9900373792 /* AppDelegate.swift in Sources */ = {isa = PBXBuildFile; fileRef = 0EDA9FA321D8FB9900373792 /* AppDelegate.swift */; };
		0EDA9FAB21D8FB9B00373792 /* Assets.xcassets in Resources */ = {isa = PBXBuildFile; fileRef = 0EDA9FAA21D8FB9B00373792 /* Assets.xcassets */; };
		0EDA9FAE21D8FB9B00373792 /* LaunchScreen.storyboard in Resources */ = {isa = PBXBuildFile; fileRef = 0EDA9FAC21D8FB9B00373792 /* LaunchScreen.storyboard */; };
		0EDA9FB921D8FB9B00373792 /* SwiftArchitectureTests.swift in Sources */ = {isa = PBXBuildFile; fileRef = 0EDA9FB821D8FB9B00373792 /* SwiftArchitectureTests.swift */; };
		0EDA9FC421D8FB9B00373792 /* SwiftArchitectureUITests.swift in Sources */ = {isa = PBXBuildFile; fileRef = 0EDA9FC321D8FB9B00373792 /* SwiftArchitectureUITests.swift */; };
		0EDA9FD821DC7CC100373792 /* CityData.json in Resources */ = {isa = PBXBuildFile; fileRef = 0EDA9FD221DC7CC100373792 /* CityData.json */; };
		0EDAA05121DE496100373792 /* BaseView.swift in Sources */ = {isa = PBXBuildFile; fileRef = 0EDAA05021DE496100373792 /* BaseView.swift */; };
		2DD02B7E4A77879162FA880B /* Pods_SwiftArchitecture.framework in Frameworks */ = {isa = PBXBuildFile; fileRef = 0C28516824482485EC8B0802 /* Pods_SwiftArchitecture.framework */; };
		2EBAFF72EE5C1EBF3824D9EC /* Pods_SwiftArchitectureTests.framework in Frameworks */ = {isa = PBXBuildFile; fileRef = 2DF5B7003D04B98CDD6FD83E /* Pods_SwiftArchitectureTests.framework */; };
		42C576D5EC9BA5F9DBC55C80 /* Pods_SwiftArchitectureUITests.framework in Frameworks */ = {isa = PBXBuildFile; fileRef = 296DC4DDD6A61C6590612364 /* Pods_SwiftArchitectureUITests.framework */; settings = {ATTRIBUTES = (Weak, ); }; };
/* End PBXBuildFile section */

/* Begin PBXContainerItemProxy section */
		0E014B99231BEEEB008C4969 /* PBXContainerItemProxy */ = {
			isa = PBXContainerItemProxy;
			containerPortal = 0EDA9F9821D8FB9900373792 /* Project object */;
			proxyType = 1;
			remoteGlobalIDString = 0E014B8E231BEEEB008C4969;
			remoteInfo = Extension;
		};
		0E014B9B231BEEEB008C4969 /* PBXContainerItemProxy */ = {
			isa = PBXContainerItemProxy;
			containerPortal = 0EDA9F9821D8FB9900373792 /* Project object */;
			proxyType = 1;
			remoteGlobalIDString = 0EDA9F9F21D8FB9900373792;
			remoteInfo = SwiftArchitecture;
		};
		0E014BA2231BEEEB008C4969 /* PBXContainerItemProxy */ = {
			isa = PBXContainerItemProxy;
			containerPortal = 0EDA9F9821D8FB9900373792 /* Project object */;
			proxyType = 1;
			remoteGlobalIDString = 0E014B8E231BEEEB008C4969;
			remoteInfo = Extension;
		};
		0E014BC2231BF2F1008C4969 /* PBXContainerItemProxy */ = {
			isa = PBXContainerItemProxy;
			containerPortal = 0EDA9F9821D8FB9900373792 /* Project object */;
			proxyType = 1;
			remoteGlobalIDString = 0E014BB7231BF2F1008C4969;
			remoteInfo = JSONExport;
		};
		0E014BC4231BF2F1008C4969 /* PBXContainerItemProxy */ = {
			isa = PBXContainerItemProxy;
			containerPortal = 0EDA9F9821D8FB9900373792 /* Project object */;
			proxyType = 1;
			remoteGlobalIDString = 0EDA9F9F21D8FB9900373792;
			remoteInfo = SwiftArchitecture;
		};
		0E014BCB231BF2F1008C4969 /* PBXContainerItemProxy */ = {
			isa = PBXContainerItemProxy;
			containerPortal = 0EDA9F9821D8FB9900373792 /* Project object */;
			proxyType = 1;
			remoteGlobalIDString = 0E014BB7231BF2F1008C4969;
			remoteInfo = JSONExport;
		};
		0EDA9FB521D8FB9B00373792 /* PBXContainerItemProxy */ = {
			isa = PBXContainerItemProxy;
			containerPortal = 0EDA9F9821D8FB9900373792 /* Project object */;
			proxyType = 1;
			remoteGlobalIDString = 0EDA9F9F21D8FB9900373792;
			remoteInfo = SwiftArchitecture;
		};
		0EDA9FC021D8FB9B00373792 /* PBXContainerItemProxy */ = {
			isa = PBXContainerItemProxy;
			containerPortal = 0EDA9F9821D8FB9900373792 /* Project object */;
			proxyType = 1;
			remoteGlobalIDString = 0EDA9F9F21D8FB9900373792;
			remoteInfo = SwiftArchitecture;
		};
/* End PBXContainerItemProxy section */

/* Begin PBXCopyFilesBuildPhase section */
		0E014BAB231BEEEB008C4969 /* Embed Frameworks */ = {
			isa = PBXCopyFilesBuildPhase;
			buildActionMask = 2147483647;
			dstPath = "";
			dstSubfolderSpec = 10;
			files = (
				0E014BCE231BF2F1008C4969 /* JSONExport.framework in Embed Frameworks */,
				0E014BA5231BEEEB008C4969 /* Extension.framework in Embed Frameworks */,
			);
			name = "Embed Frameworks";
			runOnlyForDeploymentPostprocessing = 0;
		};
/* End PBXCopyFilesBuildPhase section */

/* Begin PBXFileReference section */
		0C28516824482485EC8B0802 /* Pods_SwiftArchitecture.framework */ = {isa = PBXFileReference; explicitFileType = wrapper.framework; includeInIndex = 0; path = Pods_SwiftArchitecture.framework; sourceTree = BUILT_PRODUCTS_DIR; };
		0E014B8F231BEEEB008C4969 /* Extension.framework */ = {isa = PBXFileReference; explicitFileType = wrapper.framework; includeInIndex = 0; path = Extension.framework; sourceTree = BUILT_PRODUCTS_DIR; };
		0E014B91231BEEEB008C4969 /* Extension.h */ = {isa = PBXFileReference; lastKnownFileType = sourcecode.c.h; path = Extension.h; sourceTree = "<group>"; };
		0E014B92231BEEEB008C4969 /* Info.plist */ = {isa = PBXFileReference; lastKnownFileType = text.plist.xml; path = Info.plist; sourceTree = "<group>"; };
		0E014B97231BEEEB008C4969 /* ExtensionTests.xctest */ = {isa = PBXFileReference; explicitFileType = wrapper.cfbundle; includeInIndex = 0; path = ExtensionTests.xctest; sourceTree = BUILT_PRODUCTS_DIR; };
		0E014B9E231BEEEB008C4969 /* ExtensionTests.swift */ = {isa = PBXFileReference; lastKnownFileType = sourcecode.swift; path = ExtensionTests.swift; sourceTree = "<group>"; };
		0E014BA0231BEEEB008C4969 /* Info.plist */ = {isa = PBXFileReference; lastKnownFileType = text.plist.xml; path = Info.plist; sourceTree = "<group>"; };
		0E014BAD231BEF50008C4969 /* UIViewController+showPopover.swift */ = {isa = PBXFileReference; fileEncoding = 4; lastKnownFileType = sourcecode.swift; path = "UIViewController+showPopover.swift"; sourceTree = "<group>"; };
		0E014BAE231BEF50008C4969 /* UIColor+hexColor.swift */ = {isa = PBXFileReference; fileEncoding = 4; lastKnownFileType = sourcecode.swift; path = "UIColor+hexColor.swift"; sourceTree = "<group>"; };
		0E014BAF231BEF50008C4969 /* UIAlertController+showAlert.swift */ = {isa = PBXFileReference; fileEncoding = 4; lastKnownFileType = sourcecode.swift; path = "UIAlertController+showAlert.swift"; sourceTree = "<group>"; };
		0E014BB8231BF2F1008C4969 /* JSONExport.framework */ = {isa = PBXFileReference; explicitFileType = wrapper.framework; includeInIndex = 0; path = JSONExport.framework; sourceTree = BUILT_PRODUCTS_DIR; };
		0E014BBA231BF2F1008C4969 /* JSONExport.h */ = {isa = PBXFileReference; lastKnownFileType = sourcecode.c.h; path = JSONExport.h; sourceTree = "<group>"; };
		0E014BBB231BF2F1008C4969 /* Info.plist */ = {isa = PBXFileReference; lastKnownFileType = text.plist.xml; path = Info.plist; sourceTree = "<group>"; };
		0E014BC0231BF2F1008C4969 /* JSONExportTests.xctest */ = {isa = PBXFileReference; explicitFileType = wrapper.cfbundle; includeInIndex = 0; path = JSONExportTests.xctest; sourceTree = BUILT_PRODUCTS_DIR; };
		0E014BC7231BF2F1008C4969 /* JSONExportTests.swift */ = {isa = PBXFileReference; lastKnownFileType = sourcecode.swift; path = JSONExportTests.swift; sourceTree = "<group>"; };
		0E014BC9231BF2F1008C4969 /* Info.plist */ = {isa = PBXFileReference; lastKnownFileType = text.plist.xml; path = Info.plist; sourceTree = "<group>"; };
		0E014BD6231BF32A008C4969 /* CityDataList.swift */ = {isa = PBXFileReference; fileEncoding = 4; lastKnownFileType = sourcecode.swift; path = CityDataList.swift; sourceTree = "<group>"; };
		0E014BD7231BF32A008C4969 /* CityData.swift */ = {isa = PBXFileReference; fileEncoding = 4; lastKnownFileType = sourcecode.swift; path = CityData.swift; sourceTree = "<group>"; };
		0E014BD9231BF32A008C4969 /* Forecast.swift */ = {isa = PBXFileReference; fileEncoding = 4; lastKnownFileType = sourcecode.swift; path = Forecast.swift; sourceTree = "<group>"; };
		0E014BDA231BF32A008C4969 /* Location.swift */ = {isa = PBXFileReference; fileEncoding = 4; lastKnownFileType = sourcecode.swift; path = Location.swift; sourceTree = "<group>"; };
		0E014BDB231BF32A008C4969 /* Max.swift */ = {isa = PBXFileReference; fileEncoding = 4; lastKnownFileType = sourcecode.swift; path = Max.swift; sourceTree = "<group>"; };
		0E014BDC231BF32A008C4969 /* Description.swift */ = {isa = PBXFileReference; fileEncoding = 4; lastKnownFileType = sourcecode.swift; path = Description.swift; sourceTree = "<group>"; };
		0E014BDD231BF32A008C4969 /* Copyright.swift */ = {isa = PBXFileReference; fileEncoding = 4; lastKnownFileType = sourcecode.swift; path = Copyright.swift; sourceTree = "<group>"; };
		0E014BDE231BF32A008C4969 /* Provider.swift */ = {isa = PBXFileReference; fileEncoding = 4; lastKnownFileType = sourcecode.swift; path = Provider.swift; sourceTree = "<group>"; };
		0E014BDF231BF32A008C4969 /* Image.swift */ = {isa = PBXFileReference; fileEncoding = 4; lastKnownFileType = sourcecode.swift; path = Image.swift; sourceTree = "<group>"; };
		0E014BE0231BF32A008C4969 /* Temperature.swift */ = {isa = PBXFileReference; fileEncoding = 4; lastKnownFileType = sourcecode.swift; path = Temperature.swift; sourceTree = "<group>"; };
		0E014BE1231BF32A008C4969 /* Weather.swift */ = {isa = PBXFileReference; fileEncoding = 4; lastKnownFileType = sourcecode.swift; path = Weather.swift; sourceTree = "<group>"; };
		0E391A2D22B69F7F0018B48A /* Base */ = {isa = PBXFileReference; lastKnownFileType = file.storyboard; name = Base; path = Base.lproj/AreaFilter.storyboard; sourceTree = "<group>"; };
		0E391A3022B69FA80018B48A /* Base */ = {isa = PBXFileReference; lastKnownFileType = file.storyboard; name = Base; path = Base.lproj/PrefectureList.storyboard; sourceTree = "<group>"; };
		0E391A3322B69FBF0018B48A /* Base */ = {isa = PBXFileReference; lastKnownFileType = file.storyboard; name = Base; path = Base.lproj/Weather.storyboard; sourceTree = "<group>"; };
		0E391A3622B69FC70018B48A /* Base */ = {isa = PBXFileReference; lastKnownFileType = file.xib; name = Base; path = Base.lproj/WeatherInfoView.xib; sourceTree = "<group>"; };
		0E391A3922B69FD90018B48A /* ja */ = {isa = PBXFileReference; lastKnownFileType = text.plist.strings; name = ja; path = ja.lproj/AreaFilter.strings; sourceTree = "<group>"; };
		0E391A3A22B69FDA0018B48A /* ja */ = {isa = PBXFileReference; lastKnownFileType = text.plist.strings; name = ja; path = ja.lproj/PrefectureList.strings; sourceTree = "<group>"; };
		0E391A3B22B69FDA0018B48A /* ja */ = {isa = PBXFileReference; lastKnownFileType = text.plist.strings; name = ja; path = ja.lproj/Weather.strings; sourceTree = "<group>"; };
		0E391A3C22B69FDA0018B48A /* ja */ = {isa = PBXFileReference; lastKnownFileType = text.plist.strings; name = ja; path = ja.lproj/WeatherInfoView.strings; sourceTree = "<group>"; };
		0E391A3E22B69FF70018B48A /* en */ = {isa = PBXFileReference; lastKnownFileType = text.plist.strings; name = en; path = en.lproj/PrefectureList.strings; sourceTree = "<group>"; };
		0E391A4022B69FFE0018B48A /* en */ = {isa = PBXFileReference; lastKnownFileType = text.plist.strings; name = en; path = en.lproj/Weather.strings; sourceTree = "<group>"; };
		0E391A4222B6A0050018B48A /* en */ = {isa = PBXFileReference; lastKnownFileType = text.plist.strings; name = en; path = en.lproj/WeatherInfoView.strings; sourceTree = "<group>"; };
		0E391A4422B6A00E0018B48A /* en */ = {isa = PBXFileReference; lastKnownFileType = text.plist.strings; name = en; path = en.lproj/AreaFilter.strings; sourceTree = "<group>"; };
		0E391A5022B6B1320018B48A /* en */ = {isa = PBXFileReference; lastKnownFileType = text.plist.strings; name = en; path = en.lproj/Localizable.strings; sourceTree = "<group>"; };
		0E391A5222B6B13A0018B48A /* ja */ = {isa = PBXFileReference; lastKnownFileType = text.plist.strings; name = ja; path = ja.lproj/Localizable.strings; sourceTree = "<group>"; };
		0E391A5622B7A9D80018B48A /* en */ = {isa = PBXFileReference; lastKnownFileType = text.plist.strings; name = en; path = en.lproj/InfoPlist.strings; sourceTree = "<group>"; };
		0E391A5822B7A9DE0018B48A /* ja */ = {isa = PBXFileReference; lastKnownFileType = text.plist.strings; name = ja; path = ja.lproj/InfoPlist.strings; sourceTree = "<group>"; };
		0E47B2DA22758D6100C5A364 /* Settings.bundle */ = {isa = PBXFileReference; lastKnownFileType = "wrapper.plug-in"; path = Settings.bundle; sourceTree = "<group>"; };
		0E47B2DD2275CB4800C5A364 /* AreaFilterTests.swift */ = {isa = PBXFileReference; lastKnownFileType = sourcecode.swift; path = AreaFilterTests.swift; sourceTree = "<group>"; };
		0E47B2E72275F8C000C5A364 /* PrefectureListTests.swift */ = {isa = PBXFileReference; lastKnownFileType = sourcecode.swift; path = PrefectureListTests.swift; sourceTree = "<group>"; };
		0E47B2E92276015C00C5A364 /* WeatherTests.swift */ = {isa = PBXFileReference; lastKnownFileType = sourcecode.swift; path = WeatherTests.swift; sourceTree = "<group>"; };
		0E47B2EB227617CE00C5A364 /* TestWeather.json */ = {isa = PBXFileReference; lastKnownFileType = text.json; path = TestWeather.json; sourceTree = "<group>"; };
		0E5A82902270CF550035C004 /* AreaFilterViewModel.swift */ = {isa = PBXFileReference; fileEncoding = 4; lastKnownFileType = sourcecode.swift; path = AreaFilterViewModel.swift; sourceTree = "<group>"; };
		0E5A82922270CF550035C004 /* AreaFilterModel.swift */ = {isa = PBXFileReference; fileEncoding = 4; lastKnownFileType = sourcecode.swift; path = AreaFilterModel.swift; sourceTree = "<group>"; };
		0E5A82942270CF550035C004 /* AreaFilterViewController.swift */ = {isa = PBXFileReference; fileEncoding = 4; lastKnownFileType = sourcecode.swift; path = AreaFilterViewController.swift; sourceTree = "<group>"; };
		0E5A82972270CF550035C004 /* AreaFilterTableViewCell.swift */ = {isa = PBXFileReference; fileEncoding = 4; lastKnownFileType = sourcecode.swift; path = AreaFilterTableViewCell.swift; sourceTree = "<group>"; };
		0E5A829B2270CF550035C004 /* PrefectureListViewModel.swift */ = {isa = PBXFileReference; fileEncoding = 4; lastKnownFileType = sourcecode.swift; path = PrefectureListViewModel.swift; sourceTree = "<group>"; };
		0E5A82A22270CF550035C004 /* PrefectureListViewController.swift */ = {isa = PBXFileReference; fileEncoding = 4; lastKnownFileType = sourcecode.swift; path = PrefectureListViewController.swift; sourceTree = "<group>"; };
		0E5A82A42270CF550035C004 /* PrefectureListTableViewCell.swift */ = {isa = PBXFileReference; fileEncoding = 4; lastKnownFileType = sourcecode.swift; path = PrefectureListTableViewCell.swift; sourceTree = "<group>"; };
		0E5A82A82270CF550035C004 /* WeatherViewModel.swift */ = {isa = PBXFileReference; fileEncoding = 4; lastKnownFileType = sourcecode.swift; path = WeatherViewModel.swift; sourceTree = "<group>"; };
		0E5A82B62270CF550035C004 /* WeatherViewController.swift */ = {isa = PBXFileReference; fileEncoding = 4; lastKnownFileType = sourcecode.swift; path = WeatherViewController.swift; sourceTree = "<group>"; };
		0E5A82B82270CF550035C004 /* WeatherInfoView.swift */ = {isa = PBXFileReference; fileEncoding = 4; lastKnownFileType = sourcecode.swift; path = WeatherInfoView.swift; sourceTree = "<group>"; };
		0E5A82D42271BD0A0035C004 /* WeatherInfoViewModel.swift */ = {isa = PBXFileReference; lastKnownFileType = sourcecode.swift; path = WeatherInfoViewModel.swift; sourceTree = "<group>"; };
		0E5A82D62271C91B0035C004 /* PrefectureListCellViewModel.swift */ = {isa = PBXFileReference; lastKnownFileType = sourcecode.swift; path = PrefectureListCellViewModel.swift; sourceTree = "<group>"; };
		0E5A82D82271C9310035C004 /* AreaFilterCellViewModel.swift */ = {isa = PBXFileReference; lastKnownFileType = sourcecode.swift; path = AreaFilterCellViewModel.swift; sourceTree = "<group>"; };
		0E5A82DB22726B6E0035C004 /* R.generated.swift */ = {isa = PBXFileReference; fileEncoding = 4; lastKnownFileType = sourcecode.swift; path = R.generated.swift; sourceTree = "<group>"; };
		0E5A82DD2274A4610035C004 /* ReactiveMapKit.framework */ = {isa = PBXFileReference; lastKnownFileType = wrapper.framework; name = ReactiveMapKit.framework; path = Carthage/Build/iOS/ReactiveMapKit.framework; sourceTree = "<group>"; };
		0E5A82DE2274A4610035C004 /* Result.framework */ = {isa = PBXFileReference; lastKnownFileType = wrapper.framework; name = Result.framework; path = Carthage/Build/iOS/Result.framework; sourceTree = "<group>"; };
		0E5A82DF2274A4610035C004 /* SVProgressHUD.framework */ = {isa = PBXFileReference; lastKnownFileType = wrapper.framework; name = SVProgressHUD.framework; path = Carthage/Build/iOS/SVProgressHUD.framework; sourceTree = "<group>"; };
		0E5A82E02274A4610035C004 /* Alamofire.framework */ = {isa = PBXFileReference; lastKnownFileType = wrapper.framework; name = Alamofire.framework; path = Carthage/Build/iOS/Alamofire.framework; sourceTree = "<group>"; };
		0E5A82E12274A4610035C004 /* ReactiveCocoa.framework */ = {isa = PBXFileReference; lastKnownFileType = wrapper.framework; name = ReactiveCocoa.framework; path = Carthage/Build/iOS/ReactiveCocoa.framework; sourceTree = "<group>"; };
		0E5A82E22274A4610035C004 /* ReactiveSwift.framework */ = {isa = PBXFileReference; lastKnownFileType = wrapper.framework; name = ReactiveSwift.framework; path = Carthage/Build/iOS/ReactiveSwift.framework; sourceTree = "<group>"; };
		0E5A82EA2274BD570035C004 /* APIClient.swift */ = {isa = PBXFileReference; lastKnownFileType = sourcecode.swift; path = APIClient.swift; sourceTree = "<group>"; };
		0E5A82ED227567890035C004 /* DIKit.framework */ = {isa = PBXFileReference; lastKnownFileType = wrapper.framework; name = DIKit.framework; path = Carthage/Build/iOS/DIKit.framework; sourceTree = "<group>"; };
		0E9317B922B1575B0060B531 /* AppResolver.swift */ = {isa = PBXFileReference; fileEncoding = 4; lastKnownFileType = sourcecode.swift; path = AppResolver.swift; sourceTree = "<group>"; };
		0EAFDEF622AC203100E23041 /* AppResolver.generated.swift */ = {isa = PBXFileReference; fileEncoding = 4; lastKnownFileType = sourcecode.swift; path = AppResolver.generated.swift; sourceTree = "<group>"; };
		0EDA9FA021D8FB9900373792 /* SwiftArchitecture.app */ = {isa = PBXFileReference; explicitFileType = wrapper.application; includeInIndex = 0; path = SwiftArchitecture.app; sourceTree = BUILT_PRODUCTS_DIR; };
		0EDA9FA321D8FB9900373792 /* AppDelegate.swift */ = {isa = PBXFileReference; lastKnownFileType = sourcecode.swift; path = AppDelegate.swift; sourceTree = "<group>"; };
		0EDA9FAA21D8FB9B00373792 /* Assets.xcassets */ = {isa = PBXFileReference; lastKnownFileType = folder.assetcatalog; path = Assets.xcassets; sourceTree = "<group>"; };
		0EDA9FAD21D8FB9B00373792 /* Base */ = {isa = PBXFileReference; lastKnownFileType = file.storyboard; name = Base; path = Base.lproj/LaunchScreen.storyboard; sourceTree = "<group>"; };
		0EDA9FAF21D8FB9B00373792 /* Info.plist */ = {isa = PBXFileReference; lastKnownFileType = text.plist.xml; path = Info.plist; sourceTree = "<group>"; };
		0EDA9FB421D8FB9B00373792 /* SwiftArchitectureTests.xctest */ = {isa = PBXFileReference; explicitFileType = wrapper.cfbundle; includeInIndex = 0; path = SwiftArchitectureTests.xctest; sourceTree = BUILT_PRODUCTS_DIR; };
		0EDA9FB821D8FB9B00373792 /* SwiftArchitectureTests.swift */ = {isa = PBXFileReference; lastKnownFileType = sourcecode.swift; path = SwiftArchitectureTests.swift; sourceTree = "<group>"; };
		0EDA9FBA21D8FB9B00373792 /* Info.plist */ = {isa = PBXFileReference; lastKnownFileType = text.plist.xml; path = Info.plist; sourceTree = "<group>"; };
		0EDA9FBF21D8FB9B00373792 /* SwiftArchitectureUITests.xctest */ = {isa = PBXFileReference; explicitFileType = wrapper.cfbundle; includeInIndex = 0; path = SwiftArchitectureUITests.xctest; sourceTree = BUILT_PRODUCTS_DIR; };
		0EDA9FC321D8FB9B00373792 /* SwiftArchitectureUITests.swift */ = {isa = PBXFileReference; lastKnownFileType = sourcecode.swift; path = SwiftArchitectureUITests.swift; sourceTree = "<group>"; };
		0EDA9FC521D8FB9B00373792 /* Info.plist */ = {isa = PBXFileReference; lastKnownFileType = text.plist.xml; path = Info.plist; sourceTree = "<group>"; };
		0EDA9FD221DC7CC100373792 /* CityData.json */ = {isa = PBXFileReference; fileEncoding = 4; lastKnownFileType = text.json; path = CityData.json; sourceTree = "<group>"; };
		0EDAA05021DE496100373792 /* BaseView.swift */ = {isa = PBXFileReference; lastKnownFileType = sourcecode.swift; path = BaseView.swift; sourceTree = "<group>"; };
		296DC4DDD6A61C6590612364 /* Pods_SwiftArchitectureUITests.framework */ = {isa = PBXFileReference; explicitFileType = wrapper.framework; includeInIndex = 0; path = Pods_SwiftArchitectureUITests.framework; sourceTree = BUILT_PRODUCTS_DIR; };
		2DF5B7003D04B98CDD6FD83E /* Pods_SwiftArchitectureTests.framework */ = {isa = PBXFileReference; explicitFileType = wrapper.framework; includeInIndex = 0; path = Pods_SwiftArchitectureTests.framework; sourceTree = BUILT_PRODUCTS_DIR; };
		40937C61C162CF54163C702C /* Pods-SwiftArchitecture.debug.xcconfig */ = {isa = PBXFileReference; includeInIndex = 1; lastKnownFileType = text.xcconfig; name = "Pods-SwiftArchitecture.debug.xcconfig"; path = "Pods/Target Support Files/Pods-SwiftArchitecture/Pods-SwiftArchitecture.debug.xcconfig"; sourceTree = "<group>"; };
		5621B3F8C169EB2A55D363A2 /* Pods-SwiftArchitecture.release.xcconfig */ = {isa = PBXFileReference; includeInIndex = 1; lastKnownFileType = text.xcconfig; name = "Pods-SwiftArchitecture.release.xcconfig"; path = "Pods/Target Support Files/Pods-SwiftArchitecture/Pods-SwiftArchitecture.release.xcconfig"; sourceTree = "<group>"; };
		5BD8EC24D77D5EA2D94ABDC3 /* Pods-SwiftArchitectureTests.release.xcconfig */ = {isa = PBXFileReference; includeInIndex = 1; lastKnownFileType = text.xcconfig; name = "Pods-SwiftArchitectureTests.release.xcconfig"; path = "Pods/Target Support Files/Pods-SwiftArchitectureTests/Pods-SwiftArchitectureTests.release.xcconfig"; sourceTree = "<group>"; };
		69A8BA351E3F3F9D2CFEBC10 /* Pods-SwiftArchitectureUITests.release.xcconfig */ = {isa = PBXFileReference; includeInIndex = 1; lastKnownFileType = text.xcconfig; name = "Pods-SwiftArchitectureUITests.release.xcconfig"; path = "Pods/Target Support Files/Pods-SwiftArchitectureUITests/Pods-SwiftArchitectureUITests.release.xcconfig"; sourceTree = "<group>"; };
		B8231336ABB1B7029A9C4C24 /* Pods-SwiftArchitectureTests.debug.xcconfig */ = {isa = PBXFileReference; includeInIndex = 1; lastKnownFileType = text.xcconfig; name = "Pods-SwiftArchitectureTests.debug.xcconfig"; path = "Pods/Target Support Files/Pods-SwiftArchitectureTests/Pods-SwiftArchitectureTests.debug.xcconfig"; sourceTree = "<group>"; };
		EB654A08AA455C431466FE2B /* Pods-SwiftArchitectureUITests.debug.xcconfig */ = {isa = PBXFileReference; includeInIndex = 1; lastKnownFileType = text.xcconfig; name = "Pods-SwiftArchitectureUITests.debug.xcconfig"; path = "Pods/Target Support Files/Pods-SwiftArchitectureUITests/Pods-SwiftArchitectureUITests.debug.xcconfig"; sourceTree = "<group>"; };
/* End PBXFileReference section */

/* Begin PBXFrameworksBuildPhase section */
		0E014B8C231BEEEB008C4969 /* Frameworks */ = {
			isa = PBXFrameworksBuildPhase;
			buildActionMask = 2147483647;
			files = (
			);
			runOnlyForDeploymentPostprocessing = 0;
		};
		0E014B94231BEEEB008C4969 /* Frameworks */ = {
			isa = PBXFrameworksBuildPhase;
			buildActionMask = 2147483647;
			files = (
				0E014B98231BEEEB008C4969 /* Extension.framework in Frameworks */,
			);
			runOnlyForDeploymentPostprocessing = 0;
		};
		0E014BB5231BF2F1008C4969 /* Frameworks */ = {
			isa = PBXFrameworksBuildPhase;
			buildActionMask = 2147483647;
			files = (
			);
			runOnlyForDeploymentPostprocessing = 0;
		};
		0E014BBD231BF2F1008C4969 /* Frameworks */ = {
			isa = PBXFrameworksBuildPhase;
			buildActionMask = 2147483647;
			files = (
				0E014BC1231BF2F1008C4969 /* JSONExport.framework in Frameworks */,
			);
			runOnlyForDeploymentPostprocessing = 0;
		};
		0EDA9F9D21D8FB9900373792 /* Frameworks */ = {
			isa = PBXFrameworksBuildPhase;
			buildActionMask = 2147483647;
			files = (
				0E5A82EE227567890035C004 /* DIKit.framework in Frameworks */,
				0E5A82E32274A4610035C004 /* ReactiveMapKit.framework in Frameworks */,
				0E5A82E42274A4610035C004 /* Result.framework in Frameworks */,
				0E5A82E52274A4610035C004 /* SVProgressHUD.framework in Frameworks */,
				0E5A82E62274A4610035C004 /* Alamofire.framework in Frameworks */,
				0E5A82E72274A4610035C004 /* ReactiveCocoa.framework in Frameworks */,
				0E014BCD231BF2F1008C4969 /* JSONExport.framework in Frameworks */,
				0E014BA4231BEEEB008C4969 /* Extension.framework in Frameworks */,
				0E5A82E82274A4610035C004 /* ReactiveSwift.framework in Frameworks */,
				2DD02B7E4A77879162FA880B /* Pods_SwiftArchitecture.framework in Frameworks */,
			);
			runOnlyForDeploymentPostprocessing = 0;
		};
		0EDA9FB121D8FB9B00373792 /* Frameworks */ = {
			isa = PBXFrameworksBuildPhase;
			buildActionMask = 2147483647;
			files = (
				0E47B2E02275F6D000C5A364 /* Alamofire.framework in Frameworks */,
				0E47B2E12275F6D000C5A364 /* DIKit.framework in Frameworks */,
				0E47B2E22275F6D000C5A364 /* ReactiveCocoa.framework in Frameworks */,
				0E47B2E32275F6D000C5A364 /* ReactiveMapKit.framework in Frameworks */,
				0E47B2E42275F6D000C5A364 /* ReactiveSwift.framework in Frameworks */,
				0E47B2E52275F6D000C5A364 /* Result.framework in Frameworks */,
				0E47B2E62275F6D000C5A364 /* SVProgressHUD.framework in Frameworks */,
				2EBAFF72EE5C1EBF3824D9EC /* Pods_SwiftArchitectureTests.framework in Frameworks */,
			);
			runOnlyForDeploymentPostprocessing = 0;
		};
		0EDA9FBC21D8FB9B00373792 /* Frameworks */ = {
			isa = PBXFrameworksBuildPhase;
			buildActionMask = 2147483647;
			files = (
				0E47B2ED2276228200C5A364 /* Alamofire.framework in Frameworks */,
				0E47B2EE2276228200C5A364 /* DIKit.framework in Frameworks */,
				0E47B2EF2276228200C5A364 /* ReactiveCocoa.framework in Frameworks */,
				0E47B2F02276228200C5A364 /* ReactiveMapKit.framework in Frameworks */,
				0E47B2F12276228200C5A364 /* ReactiveSwift.framework in Frameworks */,
				0E47B2F22276228200C5A364 /* Result.framework in Frameworks */,
				0E47B2F32276228200C5A364 /* SVProgressHUD.framework in Frameworks */,
				42C576D5EC9BA5F9DBC55C80 /* Pods_SwiftArchitectureUITests.framework in Frameworks */,
			);
			runOnlyForDeploymentPostprocessing = 0;
		};
/* End PBXFrameworksBuildPhase section */

/* Begin PBXGroup section */
		0E014B90231BEEEB008C4969 /* Extension */ = {
			isa = PBXGroup;
			children = (
				0E014BAF231BEF50008C4969 /* UIAlertController+showAlert.swift */,
				0E014BAE231BEF50008C4969 /* UIColor+hexColor.swift */,
				0E014BAD231BEF50008C4969 /* UIViewController+showPopover.swift */,
				0E014B91231BEEEB008C4969 /* Extension.h */,
				0E014B92231BEEEB008C4969 /* Info.plist */,
			);
			path = Extension;
			sourceTree = "<group>";
		};
		0E014B9D231BEEEB008C4969 /* ExtensionTests */ = {
			isa = PBXGroup;
			children = (
				0E014B9E231BEEEB008C4969 /* ExtensionTests.swift */,
				0E014BA0231BEEEB008C4969 /* Info.plist */,
			);
			path = ExtensionTests;
			sourceTree = "<group>";
		};
		0E014BB9231BF2F1008C4969 /* JSONExport */ = {
			isa = PBXGroup;
			children = (
				0E014BBA231BF2F1008C4969 /* JSONExport.h */,
				0E014BD5231BF32A008C4969 /* CityDataList */,
				0E014BD8231BF32A008C4969 /* Weather */,
				0E014BBB231BF2F1008C4969 /* Info.plist */,
			);
			path = JSONExport;
			sourceTree = "<group>";
		};
		0E014BC6231BF2F1008C4969 /* JSONExportTests */ = {
			isa = PBXGroup;
			children = (
				0E014BC7231BF2F1008C4969 /* JSONExportTests.swift */,
				0E014BC9231BF2F1008C4969 /* Info.plist */,
			);
			path = JSONExportTests;
			sourceTree = "<group>";
		};
		0E014BD5231BF32A008C4969 /* CityDataList */ = {
			isa = PBXGroup;
			children = (
				0E014BD6231BF32A008C4969 /* CityDataList.swift */,
				0E014BD7231BF32A008C4969 /* CityData.swift */,
			);
			path = CityDataList;
			sourceTree = "<group>";
		};
		0E014BD8231BF32A008C4969 /* Weather */ = {
			isa = PBXGroup;
			children = (
				0E014BD9231BF32A008C4969 /* Forecast.swift */,
				0E014BDA231BF32A008C4969 /* Location.swift */,
				0E014BDB231BF32A008C4969 /* Max.swift */,
				0E014BDC231BF32A008C4969 /* Description.swift */,
				0E014BDD231BF32A008C4969 /* Copyright.swift */,
				0E014BDE231BF32A008C4969 /* Provider.swift */,
				0E014BDF231BF32A008C4969 /* Image.swift */,
				0E014BE0231BF32A008C4969 /* Temperature.swift */,
				0E014BE1231BF32A008C4969 /* Weather.swift */,
			);
			path = Weather;
			sourceTree = "<group>";
		};
		0E5A828D2270CF550035C004 /* Display */ = {
			isa = PBXGroup;
			children = (
				0E5A828E2270CF550035C004 /* AreaFilter */,
				0E5A82992270CF550035C004 /* PrefectureList */,
				0E5A82A62270CF550035C004 /* Weather */,
			);
			path = Display;
			sourceTree = "<group>";
		};
		0E5A828E2270CF550035C004 /* AreaFilter */ = {
			isa = PBXGroup;
			children = (
				0E5A828F2270CF550035C004 /* ViewModel */,
				0E5A82912270CF550035C004 /* Model */,
				0E5A82932270CF550035C004 /* View */,
			);
			path = AreaFilter;
			sourceTree = "<group>";
		};
		0E5A828F2270CF550035C004 /* ViewModel */ = {
			isa = PBXGroup;
			children = (
				0E5A82902270CF550035C004 /* AreaFilterViewModel.swift */,
				0E5A82D82271C9310035C004 /* AreaFilterCellViewModel.swift */,
			);
			path = ViewModel;
			sourceTree = "<group>";
		};
		0E5A82912270CF550035C004 /* Model */ = {
			isa = PBXGroup;
			children = (
				0E5A82922270CF550035C004 /* AreaFilterModel.swift */,
			);
			path = Model;
			sourceTree = "<group>";
		};
		0E5A82932270CF550035C004 /* View */ = {
			isa = PBXGroup;
			children = (
				0E5A82942270CF550035C004 /* AreaFilterViewController.swift */,
				0E391A2E22B69F7F0018B48A /* AreaFilter.storyboard */,
				0E5A82952270CF550035C004 /* Cell */,
			);
			path = View;
			sourceTree = "<group>";
		};
		0E5A82952270CF550035C004 /* Cell */ = {
			isa = PBXGroup;
			children = (
				0E5A82972270CF550035C004 /* AreaFilterTableViewCell.swift */,
			);
			path = Cell;
			sourceTree = "<group>";
		};
		0E5A82992270CF550035C004 /* PrefectureList */ = {
			isa = PBXGroup;
			children = (
				0E5A829A2270CF550035C004 /* ViewModel */,
				0E5A82A02270CF550035C004 /* View */,
			);
			path = PrefectureList;
			sourceTree = "<group>";
		};
		0E5A829A2270CF550035C004 /* ViewModel */ = {
			isa = PBXGroup;
			children = (
				0E5A829B2270CF550035C004 /* PrefectureListViewModel.swift */,
				0E5A82D62271C91B0035C004 /* PrefectureListCellViewModel.swift */,
			);
			path = ViewModel;
			sourceTree = "<group>";
		};
		0E5A82A02270CF550035C004 /* View */ = {
			isa = PBXGroup;
			children = (
				0E5A82A22270CF550035C004 /* PrefectureListViewController.swift */,
				0E391A3122B69FA80018B48A /* PrefectureList.storyboard */,
				0E5A82A32270CF550035C004 /* Cell */,
			);
			path = View;
			sourceTree = "<group>";
		};
		0E5A82A32270CF550035C004 /* Cell */ = {
			isa = PBXGroup;
			children = (
				0E5A82A42270CF550035C004 /* PrefectureListTableViewCell.swift */,
			);
			path = Cell;
			sourceTree = "<group>";
		};
		0E5A82A62270CF550035C004 /* Weather */ = {
			isa = PBXGroup;
			children = (
				0E5A82A72270CF550035C004 /* ViewModel */,
				0E5A82B42270CF550035C004 /* View */,
			);
			path = Weather;
			sourceTree = "<group>";
		};
		0E5A82A72270CF550035C004 /* ViewModel */ = {
			isa = PBXGroup;
			children = (
				0E5A82A82270CF550035C004 /* WeatherViewModel.swift */,
				0E5A82D42271BD0A0035C004 /* WeatherInfoViewModel.swift */,
			);
			path = ViewModel;
			sourceTree = "<group>";
		};
		0E5A82B42270CF550035C004 /* View */ = {
			isa = PBXGroup;
			children = (
				0E5A82B62270CF550035C004 /* WeatherViewController.swift */,
				0E391A3422B69FBF0018B48A /* Weather.storyboard */,
				0E5A82B82270CF550035C004 /* WeatherInfoView.swift */,
				0E391A3722B69FC70018B48A /* WeatherInfoView.xib */,
			);
			path = View;
			sourceTree = "<group>";
		};
		0E7180E749CF9C7E1437E45D /* Pods */ = {
			isa = PBXGroup;
			children = (
				40937C61C162CF54163C702C /* Pods-SwiftArchitecture.debug.xcconfig */,
				5621B3F8C169EB2A55D363A2 /* Pods-SwiftArchitecture.release.xcconfig */,
				B8231336ABB1B7029A9C4C24 /* Pods-SwiftArchitectureTests.debug.xcconfig */,
				5BD8EC24D77D5EA2D94ABDC3 /* Pods-SwiftArchitectureTests.release.xcconfig */,
				EB654A08AA455C431466FE2B /* Pods-SwiftArchitectureUITests.debug.xcconfig */,
				69A8BA351E3F3F9D2CFEBC10 /* Pods-SwiftArchitectureUITests.release.xcconfig */,
			);
			name = Pods;
			sourceTree = "<group>";
		};
		0EDA9F9721D8FB9900373792 = {
			isa = PBXGroup;
			children = (
				0EDA9FA221D8FB9900373792 /* SwiftArchitecture */,
				0EDA9FB721D8FB9B00373792 /* SwiftArchitectureTests */,
				0EDA9FC221D8FB9B00373792 /* SwiftArchitectureUITests */,
				0E014B90231BEEEB008C4969 /* Extension */,
				0E014B9D231BEEEB008C4969 /* ExtensionTests */,
				0E014BB9231BF2F1008C4969 /* JSONExport */,
				0E014BC6231BF2F1008C4969 /* JSONExportTests */,
				0EDA9FA121D8FB9900373792 /* Products */,
				0E7180E749CF9C7E1437E45D /* Pods */,
				F98C96B3E2C7100AFAD77A99 /* Frameworks */,
			);
			sourceTree = "<group>";
		};
		0EDA9FA121D8FB9900373792 /* Products */ = {
			isa = PBXGroup;
			children = (
				0EDA9FA021D8FB9900373792 /* SwiftArchitecture.app */,
				0EDA9FB421D8FB9B00373792 /* SwiftArchitectureTests.xctest */,
				0EDA9FBF21D8FB9B00373792 /* SwiftArchitectureUITests.xctest */,
				0E014B8F231BEEEB008C4969 /* Extension.framework */,
				0E014B97231BEEEB008C4969 /* ExtensionTests.xctest */,
				0E014BB8231BF2F1008C4969 /* JSONExport.framework */,
				0E014BC0231BF2F1008C4969 /* JSONExportTests.xctest */,
			);
			name = Products;
			sourceTree = "<group>";
		};
		0EDA9FA221D8FB9900373792 /* SwiftArchitecture */ = {
			isa = PBXGroup;
			children = (
				0EDA9FA321D8FB9900373792 /* AppDelegate.swift */,
				0EDA9FAC21D8FB9B00373792 /* LaunchScreen.storyboard */,
				0EDA9FD321DC7CC100373792 /* Source */,
				0EDA9FD121DC7CC100373792 /* Resource */,
			);
			path = SwiftArchitecture;
			sourceTree = "<group>";
		};
		0EDA9FB721D8FB9B00373792 /* SwiftArchitectureTests */ = {
			isa = PBXGroup;
			children = (
				0EDA9FB821D8FB9B00373792 /* SwiftArchitectureTests.swift */,
				0E47B2DD2275CB4800C5A364 /* AreaFilterTests.swift */,
				0E47B2E72275F8C000C5A364 /* PrefectureListTests.swift */,
				0E47B2E92276015C00C5A364 /* WeatherTests.swift */,
				0EDA9FBA21D8FB9B00373792 /* Info.plist */,
			);
			path = SwiftArchitectureTests;
			sourceTree = "<group>";
		};
		0EDA9FC221D8FB9B00373792 /* SwiftArchitectureUITests */ = {
			isa = PBXGroup;
			children = (
				0EDA9FC321D8FB9B00373792 /* SwiftArchitectureUITests.swift */,
				0EDA9FC521D8FB9B00373792 /* Info.plist */,
			);
			path = SwiftArchitectureUITests;
			sourceTree = "<group>";
		};
		0EDA9FD121DC7CC100373792 /* Resource */ = {
			isa = PBXGroup;
			children = (
				0E47B2DA22758D6100C5A364 /* Settings.bundle */,
				0EDA9FAA21D8FB9B00373792 /* Assets.xcassets */,
				0EDA9FAF21D8FB9B00373792 /* Info.plist */,
				0EAFDEF622AC203100E23041 /* AppResolver.generated.swift */,
				0E5A82DB22726B6E0035C004 /* R.generated.swift */,
				0EDA9FD221DC7CC100373792 /* CityData.json */,
				0E47B2EB227617CE00C5A364 /* TestWeather.json */,
				0E391A5122B6B1320018B48A /* Localizable.strings */,
				0E391A5722B7A9D80018B48A /* InfoPlist.strings */,
			);
			path = Resource;
			sourceTree = "<group>";
		};
		0EDA9FD321DC7CC100373792 /* Source */ = {
			isa = PBXGroup;
			children = (
				0E5A828D2270CF550035C004 /* Display */,
				0EDAA04F21DE495100373792 /* Common */,
			);
			path = Source;
			sourceTree = "<group>";
		};
		0EDAA04F21DE495100373792 /* Common */ = {
			isa = PBXGroup;
			children = (
				0E9317B922B1575B0060B531 /* AppResolver.swift */,
				0EDAA05021DE496100373792 /* BaseView.swift */,
				0E5A82EA2274BD570035C004 /* APIClient.swift */,
			);
			path = Common;
			sourceTree = "<group>";
		};
		F98C96B3E2C7100AFAD77A99 /* Frameworks */ = {
			isa = PBXGroup;
			children = (
				0E5A82ED227567890035C004 /* DIKit.framework */,
				0E5A82E02274A4610035C004 /* Alamofire.framework */,
				0E5A82E12274A4610035C004 /* ReactiveCocoa.framework */,
				0E5A82DD2274A4610035C004 /* ReactiveMapKit.framework */,
				0E5A82E22274A4610035C004 /* ReactiveSwift.framework */,
				0E5A82DE2274A4610035C004 /* Result.framework */,
				0E5A82DF2274A4610035C004 /* SVProgressHUD.framework */,
				0C28516824482485EC8B0802 /* Pods_SwiftArchitecture.framework */,
				2DF5B7003D04B98CDD6FD83E /* Pods_SwiftArchitectureTests.framework */,
				296DC4DDD6A61C6590612364 /* Pods_SwiftArchitectureUITests.framework */,
			);
			name = Frameworks;
			sourceTree = "<group>";
		};
/* End PBXGroup section */

/* Begin PBXHeadersBuildPhase section */
		0E014B8A231BEEEB008C4969 /* Headers */ = {
			isa = PBXHeadersBuildPhase;
			buildActionMask = 2147483647;
			files = (
				0E014BA1231BEEEB008C4969 /* Extension.h in Headers */,
			);
			runOnlyForDeploymentPostprocessing = 0;
		};
		0E014BB3231BF2F1008C4969 /* Headers */ = {
			isa = PBXHeadersBuildPhase;
			buildActionMask = 2147483647;
			files = (
				0E014BCA231BF2F1008C4969 /* JSONExport.h in Headers */,
			);
			runOnlyForDeploymentPostprocessing = 0;
		};
/* End PBXHeadersBuildPhase section */

/* Begin PBXNativeTarget section */
		0E014B8E231BEEEB008C4969 /* Extension */ = {
			isa = PBXNativeTarget;
			buildConfigurationList = 0E014BAA231BEEEB008C4969 /* Build configuration list for PBXNativeTarget "Extension" */;
			buildPhases = (
				0E014B8A231BEEEB008C4969 /* Headers */,
				0E014B8B231BEEEB008C4969 /* Sources */,
				0E014B8C231BEEEB008C4969 /* Frameworks */,
				0E014B8D231BEEEB008C4969 /* Resources */,
			);
			buildRules = (
			);
			dependencies = (
			);
			name = Extension;
			productName = Extension;
			productReference = 0E014B8F231BEEEB008C4969 /* Extension.framework */;
			productType = "com.apple.product-type.framework";
		};
		0E014B96231BEEEB008C4969 /* ExtensionTests */ = {
			isa = PBXNativeTarget;
			buildConfigurationList = 0E014BAC231BEEEB008C4969 /* Build configuration list for PBXNativeTarget "ExtensionTests" */;
			buildPhases = (
				0E014B93231BEEEB008C4969 /* Sources */,
				0E014B94231BEEEB008C4969 /* Frameworks */,
				0E014B95231BEEEB008C4969 /* Resources */,
			);
			buildRules = (
			);
			dependencies = (
				0E014B9A231BEEEB008C4969 /* PBXTargetDependency */,
				0E014B9C231BEEEB008C4969 /* PBXTargetDependency */,
			);
			name = ExtensionTests;
			productName = ExtensionTests;
			productReference = 0E014B97231BEEEB008C4969 /* ExtensionTests.xctest */;
			productType = "com.apple.product-type.bundle.unit-test";
		};
		0E014BB7231BF2F1008C4969 /* JSONExport */ = {
			isa = PBXNativeTarget;
			buildConfigurationList = 0E014BCF231BF2F1008C4969 /* Build configuration list for PBXNativeTarget "JSONExport" */;
			buildPhases = (
				0E014BB3231BF2F1008C4969 /* Headers */,
				0E014BB4231BF2F1008C4969 /* Sources */,
				0E014BB5231BF2F1008C4969 /* Frameworks */,
				0E014BB6231BF2F1008C4969 /* Resources */,
			);
			buildRules = (
			);
			dependencies = (
			);
			name = JSONExport;
			productName = JSONExport;
			productReference = 0E014BB8231BF2F1008C4969 /* JSONExport.framework */;
			productType = "com.apple.product-type.framework";
		};
		0E014BBF231BF2F1008C4969 /* JSONExportTests */ = {
			isa = PBXNativeTarget;
			buildConfigurationList = 0E014BD2231BF2F1008C4969 /* Build configuration list for PBXNativeTarget "JSONExportTests" */;
			buildPhases = (
				0E014BBC231BF2F1008C4969 /* Sources */,
				0E014BBD231BF2F1008C4969 /* Frameworks */,
				0E014BBE231BF2F1008C4969 /* Resources */,
			);
			buildRules = (
			);
			dependencies = (
				0E014BC3231BF2F1008C4969 /* PBXTargetDependency */,
				0E014BC5231BF2F1008C4969 /* PBXTargetDependency */,
			);
			name = JSONExportTests;
			productName = JSONExportTests;
			productReference = 0E014BC0231BF2F1008C4969 /* JSONExportTests.xctest */;
			productType = "com.apple.product-type.bundle.unit-test";
		};
		0EDA9F9F21D8FB9900373792 /* SwiftArchitecture */ = {
			isa = PBXNativeTarget;
			buildConfigurationList = 0EDA9FC821D8FB9B00373792 /* Build configuration list for PBXNativeTarget "SwiftArchitecture" */;
			buildPhases = (
				B83D43EA4365A0BB1BBBA29B /* [CP] Check Pods Manifest.lock */,
				0E5A82DA22726AEA0035C004 /* Rswift Run Script */,
				0EDA9F9C21D8FB9900373792 /* Sources */,
				0EDA9F9D21D8FB9900373792 /* Frameworks */,
				0EDA9F9E21D8FB9900373792 /* Resources */,
				82B4339350DDB4B80D97409C /* [CP] Embed Pods Frameworks */,
				0E5A82E92274A46D0035C004 /* Carthage Run Script */,
				0E5A82EC227567360035C004 /* DIKit Run Script */,
				0E5A82F7227583B20035C004 /* LicensePlist Run Script */,
				0E47B2DC2275B4E200C5A364 /* Version Run Script */,
				0EAFDEF522AC138A00E23041 /* Swiftlint Run Script */,
				0E014BAB231BEEEB008C4969 /* Embed Frameworks */,
			);
			buildRules = (
			);
			dependencies = (
				0E014BA3231BEEEB008C4969 /* PBXTargetDependency */,
				0E014BCC231BF2F1008C4969 /* PBXTargetDependency */,
			);
			name = SwiftArchitecture;
			productName = SwiftArchitecture;
			productReference = 0EDA9FA021D8FB9900373792 /* SwiftArchitecture.app */;
			productType = "com.apple.product-type.application";
		};
		0EDA9FB321D8FB9B00373792 /* SwiftArchitectureTests */ = {
			isa = PBXNativeTarget;
			buildConfigurationList = 0EDA9FCB21D8FB9B00373792 /* Build configuration list for PBXNativeTarget "SwiftArchitectureTests" */;
			buildPhases = (
				1CF97291974919928E27525C /* [CP] Check Pods Manifest.lock */,
				0EDA9FB021D8FB9B00373792 /* Sources */,
				0EDA9FB121D8FB9B00373792 /* Frameworks */,
				0EDA9FB221D8FB9B00373792 /* Resources */,
			);
			buildRules = (
			);
			dependencies = (
				0EDA9FB621D8FB9B00373792 /* PBXTargetDependency */,
			);
			name = SwiftArchitectureTests;
			productName = SwiftArchitectureTests;
			productReference = 0EDA9FB421D8FB9B00373792 /* SwiftArchitectureTests.xctest */;
			productType = "com.apple.product-type.bundle.unit-test";
		};
		0EDA9FBE21D8FB9B00373792 /* SwiftArchitectureUITests */ = {
			isa = PBXNativeTarget;
			buildConfigurationList = 0EDA9FCE21D8FB9B00373792 /* Build configuration list for PBXNativeTarget "SwiftArchitectureUITests" */;
			buildPhases = (
				9EBDB26121A53C3577636B92 /* [CP] Check Pods Manifest.lock */,
				0EDA9FBB21D8FB9B00373792 /* Sources */,
				0EDA9FBC21D8FB9B00373792 /* Frameworks */,
				0EDA9FBD21D8FB9B00373792 /* Resources */,
				BFA2735F8D24F7293062B744 /* [CP] Embed Pods Frameworks */,
			);
			buildRules = (
			);
			dependencies = (
				0EDA9FC121D8FB9B00373792 /* PBXTargetDependency */,
			);
			name = SwiftArchitectureUITests;
			productName = SwiftArchitectureUITests;
			productReference = 0EDA9FBF21D8FB9B00373792 /* SwiftArchitectureUITests.xctest */;
			productType = "com.apple.product-type.bundle.ui-testing";
		};
/* End PBXNativeTarget section */

/* Begin PBXProject section */
		0EDA9F9821D8FB9900373792 /* Project object */ = {
			isa = PBXProject;
			attributes = {
				LastSwiftUpdateCheck = 1020;
				LastUpgradeCheck = 0940;
				ORGANIZATIONNAME = am10;
				TargetAttributes = {
					0E014B8E231BEEEB008C4969 = {
						CreatedOnToolsVersion = 10.2.1;
						LastSwiftMigration = 1020;
					};
					0E014B96231BEEEB008C4969 = {
						CreatedOnToolsVersion = 10.2.1;
						TestTargetID = 0EDA9F9F21D8FB9900373792;
					};
					0E014BB7231BF2F1008C4969 = {
						CreatedOnToolsVersion = 10.2.1;
					};
					0E014BBF231BF2F1008C4969 = {
						CreatedOnToolsVersion = 10.2.1;
						TestTargetID = 0EDA9F9F21D8FB9900373792;
					};
					0EDA9F9F21D8FB9900373792 = {
						CreatedOnToolsVersion = 9.4.1;
						LastSwiftMigration = 1020;
					};
					0EDA9FB321D8FB9B00373792 = {
						CreatedOnToolsVersion = 9.4.1;
						LastSwiftMigration = 1020;
						TestTargetID = 0EDA9F9F21D8FB9900373792;
					};
					0EDA9FBE21D8FB9B00373792 = {
						CreatedOnToolsVersion = 9.4.1;
						LastSwiftMigration = 1020;
						TestTargetID = 0EDA9F9F21D8FB9900373792;
					};
				};
			};
			buildConfigurationList = 0EDA9F9B21D8FB9900373792 /* Build configuration list for PBXProject "SwiftArchitecture" */;
			compatibilityVersion = "Xcode 9.3";
			developmentRegion = en;
			hasScannedForEncodings = 0;
			knownRegions = (
				en,
				Base,
				ja,
			);
			mainGroup = 0EDA9F9721D8FB9900373792;
			productRefGroup = 0EDA9FA121D8FB9900373792 /* Products */;
			projectDirPath = "";
			projectRoot = "";
			targets = (
				0EDA9F9F21D8FB9900373792 /* SwiftArchitecture */,
				0EDA9FB321D8FB9B00373792 /* SwiftArchitectureTests */,
				0EDA9FBE21D8FB9B00373792 /* SwiftArchitectureUITests */,
				0E014B8E231BEEEB008C4969 /* Extension */,
				0E014B96231BEEEB008C4969 /* ExtensionTests */,
				0E014BB7231BF2F1008C4969 /* JSONExport */,
				0E014BBF231BF2F1008C4969 /* JSONExportTests */,
			);
		};
/* End PBXProject section */

/* Begin PBXResourcesBuildPhase section */
		0E014B8D231BEEEB008C4969 /* Resources */ = {
			isa = PBXResourcesBuildPhase;
			buildActionMask = 2147483647;
			files = (
			);
			runOnlyForDeploymentPostprocessing = 0;
		};
		0E014B95231BEEEB008C4969 /* Resources */ = {
			isa = PBXResourcesBuildPhase;
			buildActionMask = 2147483647;
			files = (
			);
			runOnlyForDeploymentPostprocessing = 0;
		};
		0E014BB6231BF2F1008C4969 /* Resources */ = {
			isa = PBXResourcesBuildPhase;
			buildActionMask = 2147483647;
			files = (
			);
			runOnlyForDeploymentPostprocessing = 0;
		};
		0E014BBE231BF2F1008C4969 /* Resources */ = {
			isa = PBXResourcesBuildPhase;
			buildActionMask = 2147483647;
			files = (
			);
			runOnlyForDeploymentPostprocessing = 0;
		};
		0EDA9F9E21D8FB9900373792 /* Resources */ = {
			isa = PBXResourcesBuildPhase;
			buildActionMask = 2147483647;
			files = (
				0E47B2EC227617CE00C5A364 /* TestWeather.json in Resources */,
				0E391A3222B69FBF0018B48A /* Weather.storyboard in Resources */,
				0EDA9FD821DC7CC100373792 /* CityData.json in Resources */,
				0E47B2DB22758D6100C5A364 /* Settings.bundle in Resources */,
				0EDA9FAE21D8FB9B00373792 /* LaunchScreen.storyboard in Resources */,
				0E391A4F22B6B1320018B48A /* Localizable.strings in Resources */,
				0EDA9FAB21D8FB9B00373792 /* Assets.xcassets in Resources */,
				0E391A2F22B69FA80018B48A /* PrefectureList.storyboard in Resources */,
				0E391A3522B69FC70018B48A /* WeatherInfoView.xib in Resources */,
				0E391A5522B7A9D80018B48A /* InfoPlist.strings in Resources */,
				0E391A2C22B69F7F0018B48A /* AreaFilter.storyboard in Resources */,
			);
			runOnlyForDeploymentPostprocessing = 0;
		};
		0EDA9FB221D8FB9B00373792 /* Resources */ = {
			isa = PBXResourcesBuildPhase;
			buildActionMask = 2147483647;
			files = (
			);
			runOnlyForDeploymentPostprocessing = 0;
		};
		0EDA9FBD21D8FB9B00373792 /* Resources */ = {
			isa = PBXResourcesBuildPhase;
			buildActionMask = 2147483647;
			files = (
			);
			runOnlyForDeploymentPostprocessing = 0;
		};
/* End PBXResourcesBuildPhase section */

/* Begin PBXShellScriptBuildPhase section */
		0E47B2DC2275B4E200C5A364 /* Version Run Script */ = {
			isa = PBXShellScriptBuildPhase;
			buildActionMask = 2147483647;
			files = (
			);
			inputFileListPaths = (
			);
			inputPaths = (
			);
			name = "Version Run Script";
			outputFileListPaths = (
			);
			outputPaths = (
			);
			runOnlyForDeploymentPostprocessing = 0;
			shellPath = /bin/sh;
			shellScript = "APP_VERSION=$(/usr/libexec/PlistBuddy -c \"Print CFBundleShortVersionString\" $PRODUCT_SETTINGS_PATH)\n/usr/libexec/PlistBuddy -c \"Set :PreferenceSpecifiers:1:DefaultValue ${APP_VERSION}\" \"${BUILT_PRODUCTS_DIR}/${WRAPPER_NAME}/Settings.bundle/Root.plist\"\n\nBUILD_NUMBER=$(/usr/libexec/PlistBuddy -c \"Print CFBundleVersion\" $PRODUCT_SETTINGS_PATH)\n/usr/libexec/PlistBuddy -c \"Set :PreferenceSpecifiers:2:DefaultValue ${BUILD_NUMBER}\" \"${BUILT_PRODUCTS_DIR}/${WRAPPER_NAME}/Settings.bundle/Root.plist\"\n";
		};
		0E5A82DA22726AEA0035C004 /* Rswift Run Script */ = {
			isa = PBXShellScriptBuildPhase;
			buildActionMask = 2147483647;
			files = (
			);
			inputFileListPaths = (
			);
			inputPaths = (
				"$TEMP_DIR/rswift-lastrun",
			);
			name = "Rswift Run Script";
			outputFileListPaths = (
			);
			outputPaths = (
				$SRCROOT/$PROJECT_NAME/Resource/R.generated.swift,
			);
			runOnlyForDeploymentPostprocessing = 0;
			shellPath = /bin/sh;
			shellScript = "\"$PODS_ROOT/R.swift/rswift\" generate \"$SRCROOT/$PROJECT_NAME/Resource/R.generated.swift\"\n";
		};
		0E5A82E92274A46D0035C004 /* Carthage Run Script */ = {
			isa = PBXShellScriptBuildPhase;
			buildActionMask = 2147483647;
			files = (
			);
			inputFileListPaths = (
			);
			inputPaths = (
				"$(SRCROOT)/Carthage/Build/iOS/Alamofire.framework",
				"$(SRCROOT)/Carthage/Build/iOS/ReactiveCocoa.framework",
				"$(SRCROOT)/Carthage/Build/iOS/ReactiveSwift.framework",
				"$(SRCROOT)/Carthage/Build/iOS/ReactiveMapKit.framework",
				"$(SRCROOT)/Carthage/Build/iOS/Result.framework",
				"$(SRCROOT)/Carthage/Build/iOS/SVProgressHUD.framework",
				"$(SRCROOT)/Carthage/Build/iOS/DIKit.framework",
			);
			name = "Carthage Run Script";
			outputFileListPaths = (
			);
			outputPaths = (
			);
			runOnlyForDeploymentPostprocessing = 0;
			shellPath = /bin/sh;
			shellScript = "/usr/local/bin/carthage copy-frameworks\n";
		};
		0E5A82EC227567360035C004 /* DIKit Run Script */ = {
			isa = PBXShellScriptBuildPhase;
			buildActionMask = 2147483647;
			files = (
			);
			inputFileListPaths = (
			);
			inputPaths = (
			);
			name = "DIKit Run Script";
			outputFileListPaths = (
			);
			outputPaths = (
			);
			runOnlyForDeploymentPostprocessing = 0;
			shellPath = /bin/sh;
			shellScript = "if which dikitgen >/dev/null; then\ndikitgen ${SRCROOT}/$PROJECT_NAME > ${SRCROOT}/$PROJECT_NAME/Resource/AppResolver.generated.swift\nelse\necho \"warning: dikitgen not installed, download from https://github.com/ishkawa/DIKit\"\nfi\n";
		};
		0E5A82F7227583B20035C004 /* LicensePlist Run Script */ = {
			isa = PBXShellScriptBuildPhase;
			buildActionMask = 2147483647;
			files = (
			);
			inputFileListPaths = (
			);
			inputPaths = (
			);
			name = "LicensePlist Run Script";
			outputFileListPaths = (
			);
			outputPaths = (
			);
			runOnlyForDeploymentPostprocessing = 0;
			shellPath = /bin/sh;
			shellScript = "if [ $CONFIGURATION = \"Debug\" ]; then\n$PODS_ROOT/LicensePlist/license-plist --output-path $PRODUCT_NAME/Resource/Settings.bundle\nfi\n";
		};
		0EAFDEF522AC138A00E23041 /* Swiftlint Run Script */ = {
			isa = PBXShellScriptBuildPhase;
			buildActionMask = 2147483647;
			files = (
			);
			inputFileListPaths = (
			);
			inputPaths = (
			);
			name = "Swiftlint Run Script";
			outputFileListPaths = (
			);
			outputPaths = (
			);
			runOnlyForDeploymentPostprocessing = 0;
			shellPath = /bin/sh;
			shellScript = "if which ${PODS_ROOT}/SwiftLint/swiftlint >/dev/null; then\n${PODS_ROOT}/SwiftLint/swiftlint\nelse\necho \"warning: SwiftLint not installed, download from https://github.com/realm/SwiftLint\"\nfi\n";
		};
		1CF97291974919928E27525C /* [CP] Check Pods Manifest.lock */ = {
			isa = PBXShellScriptBuildPhase;
			buildActionMask = 2147483647;
			files = (
			);
			inputPaths = (
				"${PODS_PODFILE_DIR_PATH}/Podfile.lock",
				"${PODS_ROOT}/Manifest.lock",
			);
			name = "[CP] Check Pods Manifest.lock";
			outputPaths = (
				"$(DERIVED_FILE_DIR)/Pods-SwiftArchitectureTests-checkManifestLockResult.txt",
			);
			runOnlyForDeploymentPostprocessing = 0;
			shellPath = /bin/sh;
			shellScript = "diff \"${PODS_PODFILE_DIR_PATH}/Podfile.lock\" \"${PODS_ROOT}/Manifest.lock\" > /dev/null\nif [ $? != 0 ] ; then\n    # print error to STDERR\n    echo \"error: The sandbox is not in sync with the Podfile.lock. Run 'pod install' or update your CocoaPods installation.\" >&2\n    exit 1\nfi\n# This output is used by Xcode 'outputs' to avoid re-running this script phase.\necho \"SUCCESS\" > \"${SCRIPT_OUTPUT_FILE_0}\"\n";
			showEnvVarsInLog = 0;
		};
		82B4339350DDB4B80D97409C /* [CP] Embed Pods Frameworks */ = {
			isa = PBXShellScriptBuildPhase;
			buildActionMask = 2147483647;
			files = (
			);
			inputPaths = (
				"${PODS_ROOT}/Target Support Files/Pods-SwiftArchitecture/Pods-SwiftArchitecture-frameworks.sh",
				"${BUILT_PRODUCTS_DIR}/R.swift.Library/Rswift.framework",
			);
			name = "[CP] Embed Pods Frameworks";
			outputPaths = (
				"${TARGET_BUILD_DIR}/${FRAMEWORKS_FOLDER_PATH}/Rswift.framework",
			);
			runOnlyForDeploymentPostprocessing = 0;
			shellPath = /bin/sh;
			shellScript = "\"${PODS_ROOT}/Target Support Files/Pods-SwiftArchitecture/Pods-SwiftArchitecture-frameworks.sh\"\n";
			showEnvVarsInLog = 0;
		};
		9EBDB26121A53C3577636B92 /* [CP] Check Pods Manifest.lock */ = {
			isa = PBXShellScriptBuildPhase;
			buildActionMask = 2147483647;
			files = (
			);
			inputPaths = (
				"${PODS_PODFILE_DIR_PATH}/Podfile.lock",
				"${PODS_ROOT}/Manifest.lock",
			);
			name = "[CP] Check Pods Manifest.lock";
			outputPaths = (
				"$(DERIVED_FILE_DIR)/Pods-SwiftArchitectureUITests-checkManifestLockResult.txt",
			);
			runOnlyForDeploymentPostprocessing = 0;
			shellPath = /bin/sh;
			shellScript = "diff \"${PODS_PODFILE_DIR_PATH}/Podfile.lock\" \"${PODS_ROOT}/Manifest.lock\" > /dev/null\nif [ $? != 0 ] ; then\n    # print error to STDERR\n    echo \"error: The sandbox is not in sync with the Podfile.lock. Run 'pod install' or update your CocoaPods installation.\" >&2\n    exit 1\nfi\n# This output is used by Xcode 'outputs' to avoid re-running this script phase.\necho \"SUCCESS\" > \"${SCRIPT_OUTPUT_FILE_0}\"\n";
			showEnvVarsInLog = 0;
		};
		B83D43EA4365A0BB1BBBA29B /* [CP] Check Pods Manifest.lock */ = {
			isa = PBXShellScriptBuildPhase;
			buildActionMask = 2147483647;
			files = (
			);
			inputPaths = (
				"${PODS_PODFILE_DIR_PATH}/Podfile.lock",
				"${PODS_ROOT}/Manifest.lock",
			);
			name = "[CP] Check Pods Manifest.lock";
			outputPaths = (
				"$(DERIVED_FILE_DIR)/Pods-SwiftArchitecture-checkManifestLockResult.txt",
			);
			runOnlyForDeploymentPostprocessing = 0;
			shellPath = /bin/sh;
			shellScript = "diff \"${PODS_PODFILE_DIR_PATH}/Podfile.lock\" \"${PODS_ROOT}/Manifest.lock\" > /dev/null\nif [ $? != 0 ] ; then\n    # print error to STDERR\n    echo \"error: The sandbox is not in sync with the Podfile.lock. Run 'pod install' or update your CocoaPods installation.\" >&2\n    exit 1\nfi\n# This output is used by Xcode 'outputs' to avoid re-running this script phase.\necho \"SUCCESS\" > \"${SCRIPT_OUTPUT_FILE_0}\"\n";
			showEnvVarsInLog = 0;
		};
		BFA2735F8D24F7293062B744 /* [CP] Embed Pods Frameworks */ = {
			isa = PBXShellScriptBuildPhase;
			buildActionMask = 2147483647;
			files = (
			);
			inputFileListPaths = (
			);
			inputPaths = (
				"${PODS_ROOT}/Target Support Files/Pods-SwiftArchitectureUITests/Pods-SwiftArchitectureUITests-frameworks.sh",
				"${BUILT_PRODUCTS_DIR}/R.swift.Library/Rswift.framework",
			);
			name = "[CP] Embed Pods Frameworks";
			outputFileListPaths = (
			);
			outputPaths = (
				"${TARGET_BUILD_DIR}/${FRAMEWORKS_FOLDER_PATH}/Rswift.framework",
			);
			runOnlyForDeploymentPostprocessing = 0;
			shellPath = /bin/sh;
			shellScript = "\"${PODS_ROOT}/Target Support Files/Pods-SwiftArchitectureUITests/Pods-SwiftArchitectureUITests-frameworks.sh\"\n";
			showEnvVarsInLog = 0;
		};
/* End PBXShellScriptBuildPhase section */

/* Begin PBXSourcesBuildPhase section */
		0E014B8B231BEEEB008C4969 /* Sources */ = {
			isa = PBXSourcesBuildPhase;
			buildActionMask = 2147483647;
			files = (
				0E014BB0231BEF50008C4969 /* UIViewController+showPopover.swift in Sources */,
				0E014BB1231BEF50008C4969 /* UIColor+hexColor.swift in Sources */,
				0E014BB2231BEF50008C4969 /* UIAlertController+showAlert.swift in Sources */,
			);
			runOnlyForDeploymentPostprocessing = 0;
		};
		0E014B93231BEEEB008C4969 /* Sources */ = {
			isa = PBXSourcesBuildPhase;
			buildActionMask = 2147483647;
			files = (
				0E014B9F231BEEEB008C4969 /* ExtensionTests.swift in Sources */,
			);
			runOnlyForDeploymentPostprocessing = 0;
		};
		0E014BB4231BF2F1008C4969 /* Sources */ = {
			isa = PBXSourcesBuildPhase;
			buildActionMask = 2147483647;
			files = (
				0E014BE7231BF32A008C4969 /* Description.swift in Sources */,
				0E014BEA231BF32A008C4969 /* Image.swift in Sources */,
				0E014BE6231BF32A008C4969 /* Max.swift in Sources */,
				0E014BEC231BF32A008C4969 /* Weather.swift in Sources */,
				0E014BE3231BF32A008C4969 /* CityData.swift in Sources */,
				0E014BE4231BF32A008C4969 /* Forecast.swift in Sources */,
				0E014BE9231BF32A008C4969 /* Provider.swift in Sources */,
				0E014BE8231BF32A008C4969 /* Copyright.swift in Sources */,
				0E014BE5231BF32A008C4969 /* Location.swift in Sources */,
				0E014BEB231BF32A008C4969 /* Temperature.swift in Sources */,
				0E014BE2231BF32A008C4969 /* CityDataList.swift in Sources */,
			);
			runOnlyForDeploymentPostprocessing = 0;
		};
		0E014BBC231BF2F1008C4969 /* Sources */ = {
			isa = PBXSourcesBuildPhase;
			buildActionMask = 2147483647;
			files = (
				0E014BC8231BF2F1008C4969 /* JSONExportTests.swift in Sources */,
			);
			runOnlyForDeploymentPostprocessing = 0;
		};
		0EDA9F9C21D8FB9900373792 /* Sources */ = {
			isa = PBXSourcesBuildPhase;
			buildActionMask = 2147483647;
			files = (
				0E5A82D32270CF550035C004 /* WeatherInfoView.swift in Sources */,
				0E5A82C32270CF550035C004 /* PrefectureListViewController.swift in Sources */,
				0E5A82BB2270CF550035C004 /* AreaFilterViewController.swift in Sources */,
				0E5A82C62270CF550035C004 /* WeatherViewModel.swift in Sources */,
				0E5A82DC22726B6E0035C004 /* R.generated.swift in Sources */,
				0EAFDEF722AC203100E23041 /* AppResolver.generated.swift in Sources */,
				0E5A82BD2270CF550035C004 /* AreaFilterTableViewCell.swift in Sources */,
				0E5A82D12270CF550035C004 /* WeatherViewController.swift in Sources */,
				0E5A82D72271C91B0035C004 /* PrefectureListCellViewModel.swift in Sources */,
				0E5A82B92270CF550035C004 /* AreaFilterViewModel.swift in Sources */,
				0E5A82C42270CF550035C004 /* PrefectureListTableViewCell.swift in Sources */,
				0E5A82D92271C9310035C004 /* AreaFilterCellViewModel.swift in Sources */,
				0EDAA05121DE496100373792 /* BaseView.swift in Sources */,
				0E9317BA22B1575B0060B531 /* AppResolver.swift in Sources */,
				0E5A82EB2274BD570035C004 /* APIClient.swift in Sources */,
				0E5A82BA2270CF550035C004 /* AreaFilterModel.swift in Sources */,
				0E5A82BF2270CF550035C004 /* PrefectureListViewModel.swift in Sources */,
				0EDA9FA421D8FB9900373792 /* AppDelegate.swift in Sources */,
				0E5A82D52271BD0A0035C004 /* WeatherInfoViewModel.swift in Sources */,
			);
			runOnlyForDeploymentPostprocessing = 0;
		};
		0EDA9FB021D8FB9B00373792 /* Sources */ = {
			isa = PBXSourcesBuildPhase;
			buildActionMask = 2147483647;
			files = (
				0E47B2EA2276015C00C5A364 /* WeatherTests.swift in Sources */,
				0EDA9FB921D8FB9B00373792 /* SwiftArchitectureTests.swift in Sources */,
				0E47B2E82275F8C000C5A364 /* PrefectureListTests.swift in Sources */,
				0E47B2DE2275CB4800C5A364 /* AreaFilterTests.swift in Sources */,
			);
			runOnlyForDeploymentPostprocessing = 0;
		};
		0EDA9FBB21D8FB9B00373792 /* Sources */ = {
			isa = PBXSourcesBuildPhase;
			buildActionMask = 2147483647;
			files = (
				0EDA9FC421D8FB9B00373792 /* SwiftArchitectureUITests.swift in Sources */,
			);
			runOnlyForDeploymentPostprocessing = 0;
		};
/* End PBXSourcesBuildPhase section */

/* Begin PBXTargetDependency section */
		0E014B9A231BEEEB008C4969 /* PBXTargetDependency */ = {
			isa = PBXTargetDependency;
			target = 0E014B8E231BEEEB008C4969 /* Extension */;
			targetProxy = 0E014B99231BEEEB008C4969 /* PBXContainerItemProxy */;
		};
		0E014B9C231BEEEB008C4969 /* PBXTargetDependency */ = {
			isa = PBXTargetDependency;
			target = 0EDA9F9F21D8FB9900373792 /* SwiftArchitecture */;
			targetProxy = 0E014B9B231BEEEB008C4969 /* PBXContainerItemProxy */;
		};
		0E014BA3231BEEEB008C4969 /* PBXTargetDependency */ = {
			isa = PBXTargetDependency;
			target = 0E014B8E231BEEEB008C4969 /* Extension */;
			targetProxy = 0E014BA2231BEEEB008C4969 /* PBXContainerItemProxy */;
		};
		0E014BC3231BF2F1008C4969 /* PBXTargetDependency */ = {
			isa = PBXTargetDependency;
			target = 0E014BB7231BF2F1008C4969 /* JSONExport */;
			targetProxy = 0E014BC2231BF2F1008C4969 /* PBXContainerItemProxy */;
		};
		0E014BC5231BF2F1008C4969 /* PBXTargetDependency */ = {
			isa = PBXTargetDependency;
			target = 0EDA9F9F21D8FB9900373792 /* SwiftArchitecture */;
			targetProxy = 0E014BC4231BF2F1008C4969 /* PBXContainerItemProxy */;
		};
		0E014BCC231BF2F1008C4969 /* PBXTargetDependency */ = {
			isa = PBXTargetDependency;
			target = 0E014BB7231BF2F1008C4969 /* JSONExport */;
			targetProxy = 0E014BCB231BF2F1008C4969 /* PBXContainerItemProxy */;
		};
		0EDA9FB621D8FB9B00373792 /* PBXTargetDependency */ = {
			isa = PBXTargetDependency;
			target = 0EDA9F9F21D8FB9900373792 /* SwiftArchitecture */;
			targetProxy = 0EDA9FB521D8FB9B00373792 /* PBXContainerItemProxy */;
		};
		0EDA9FC121D8FB9B00373792 /* PBXTargetDependency */ = {
			isa = PBXTargetDependency;
			target = 0EDA9F9F21D8FB9900373792 /* SwiftArchitecture */;
			targetProxy = 0EDA9FC021D8FB9B00373792 /* PBXContainerItemProxy */;
		};
/* End PBXTargetDependency section */

/* Begin PBXVariantGroup section */
		0E391A2E22B69F7F0018B48A /* AreaFilter.storyboard */ = {
			isa = PBXVariantGroup;
			children = (
				0E391A2D22B69F7F0018B48A /* Base */,
				0E391A3922B69FD90018B48A /* ja */,
				0E391A4422B6A00E0018B48A /* en */,
			);
			name = AreaFilter.storyboard;
			sourceTree = "<group>";
		};
		0E391A3122B69FA80018B48A /* PrefectureList.storyboard */ = {
			isa = PBXVariantGroup;
			children = (
				0E391A3022B69FA80018B48A /* Base */,
				0E391A3A22B69FDA0018B48A /* ja */,
				0E391A3E22B69FF70018B48A /* en */,
			);
			name = PrefectureList.storyboard;
			sourceTree = "<group>";
		};
		0E391A3422B69FBF0018B48A /* Weather.storyboard */ = {
			isa = PBXVariantGroup;
			children = (
				0E391A3322B69FBF0018B48A /* Base */,
				0E391A3B22B69FDA0018B48A /* ja */,
				0E391A4022B69FFE0018B48A /* en */,
			);
			name = Weather.storyboard;
			sourceTree = "<group>";
		};
		0E391A3722B69FC70018B48A /* WeatherInfoView.xib */ = {
			isa = PBXVariantGroup;
			children = (
				0E391A3622B69FC70018B48A /* Base */,
				0E391A3C22B69FDA0018B48A /* ja */,
				0E391A4222B6A0050018B48A /* en */,
			);
			name = WeatherInfoView.xib;
			sourceTree = "<group>";
		};
		0E391A5122B6B1320018B48A /* Localizable.strings */ = {
			isa = PBXVariantGroup;
			children = (
				0E391A5022B6B1320018B48A /* en */,
				0E391A5222B6B13A0018B48A /* ja */,
			);
			name = Localizable.strings;
			sourceTree = "<group>";
		};
		0E391A5722B7A9D80018B48A /* InfoPlist.strings */ = {
			isa = PBXVariantGroup;
			children = (
				0E391A5622B7A9D80018B48A /* en */,
				0E391A5822B7A9DE0018B48A /* ja */,
			);
			name = InfoPlist.strings;
			sourceTree = "<group>";
		};
		0EDA9FAC21D8FB9B00373792 /* LaunchScreen.storyboard */ = {
			isa = PBXVariantGroup;
			children = (
				0EDA9FAD21D8FB9B00373792 /* Base */,
			);
			name = LaunchScreen.storyboard;
			sourceTree = "<group>";
		};
/* End PBXVariantGroup section */

/* Begin XCBuildConfiguration section */
		0E014BA6231BEEEB008C4969 /* Debug */ = {
			isa = XCBuildConfiguration;
			buildSettings = {
				CLANG_ENABLE_MODULES = YES;
				CODE_SIGN_IDENTITY = "";
				CODE_SIGN_STYLE = Automatic;
				CURRENT_PROJECT_VERSION = 1;
				DEFINES_MODULE = YES;
				DEVELOPMENT_TEAM = "";
				DYLIB_COMPATIBILITY_VERSION = 1;
				DYLIB_CURRENT_VERSION = 1;
				DYLIB_INSTALL_NAME_BASE = "@rpath";
				INFOPLIST_FILE = Extension/Info.plist;
				INSTALL_PATH = "$(LOCAL_LIBRARY_DIR)/Frameworks";
				IPHONEOS_DEPLOYMENT_TARGET = 10.0;
				LD_RUNPATH_SEARCH_PATHS = (
					"$(inherited)",
					"@executable_path/Frameworks",
					"@loader_path/Frameworks",
				);
				MTL_ENABLE_DEBUG_INFO = INCLUDE_SOURCE;
				MTL_FAST_MATH = YES;
				PRODUCT_BUNDLE_IDENTIFIER = am10.Extension;
				PRODUCT_NAME = "$(TARGET_NAME:c99extidentifier)";
				SKIP_INSTALL = YES;
				SWIFT_OPTIMIZATION_LEVEL = "-Onone";
				SWIFT_VERSION = 5.0;
				TARGETED_DEVICE_FAMILY = "1,2";
				VERSIONING_SYSTEM = "apple-generic";
				VERSION_INFO_PREFIX = "";
			};
			name = Debug;
		};
		0E014BA7231BEEEB008C4969 /* Release */ = {
			isa = XCBuildConfiguration;
			buildSettings = {
				CLANG_ENABLE_MODULES = YES;
				CODE_SIGN_IDENTITY = "";
				CODE_SIGN_STYLE = Automatic;
				CURRENT_PROJECT_VERSION = 1;
				DEFINES_MODULE = YES;
				DEVELOPMENT_TEAM = "";
				DYLIB_COMPATIBILITY_VERSION = 1;
				DYLIB_CURRENT_VERSION = 1;
				DYLIB_INSTALL_NAME_BASE = "@rpath";
				INFOPLIST_FILE = Extension/Info.plist;
				INSTALL_PATH = "$(LOCAL_LIBRARY_DIR)/Frameworks";
				IPHONEOS_DEPLOYMENT_TARGET = 10.0;
				LD_RUNPATH_SEARCH_PATHS = (
					"$(inherited)",
					"@executable_path/Frameworks",
					"@loader_path/Frameworks",
				);
				MTL_FAST_MATH = YES;
				PRODUCT_BUNDLE_IDENTIFIER = am10.Extension;
				PRODUCT_NAME = "$(TARGET_NAME:c99extidentifier)";
				SKIP_INSTALL = YES;
				SWIFT_VERSION = 5.0;
				TARGETED_DEVICE_FAMILY = "1,2";
				VERSIONING_SYSTEM = "apple-generic";
				VERSION_INFO_PREFIX = "";
			};
			name = Release;
		};
		0E014BA8231BEEEB008C4969 /* Debug */ = {
			isa = XCBuildConfiguration;
			buildSettings = {
				ALWAYS_EMBED_SWIFT_STANDARD_LIBRARIES = YES;
				CODE_SIGN_STYLE = Automatic;
				DEVELOPMENT_TEAM = H5QW7TLM9U;
				INFOPLIST_FILE = ExtensionTests/Info.plist;
				IPHONEOS_DEPLOYMENT_TARGET = 12.2;
				LD_RUNPATH_SEARCH_PATHS = (
					"$(inherited)",
					"@executable_path/Frameworks",
					"@loader_path/Frameworks",
				);
				MTL_ENABLE_DEBUG_INFO = INCLUDE_SOURCE;
				MTL_FAST_MATH = YES;
				PRODUCT_BUNDLE_IDENTIFIER = am10.ExtensionTests;
				PRODUCT_NAME = "$(TARGET_NAME)";
				SWIFT_VERSION = 5.0;
				TARGETED_DEVICE_FAMILY = "1,2";
				TEST_HOST = "$(BUILT_PRODUCTS_DIR)/SwiftArchitecture.app/SwiftArchitecture";
			};
			name = Debug;
		};
		0E014BA9231BEEEB008C4969 /* Release */ = {
			isa = XCBuildConfiguration;
			buildSettings = {
				ALWAYS_EMBED_SWIFT_STANDARD_LIBRARIES = YES;
				CODE_SIGN_STYLE = Automatic;
				DEVELOPMENT_TEAM = H5QW7TLM9U;
				INFOPLIST_FILE = ExtensionTests/Info.plist;
				IPHONEOS_DEPLOYMENT_TARGET = 12.2;
				LD_RUNPATH_SEARCH_PATHS = (
					"$(inherited)",
					"@executable_path/Frameworks",
					"@loader_path/Frameworks",
				);
				MTL_FAST_MATH = YES;
				PRODUCT_BUNDLE_IDENTIFIER = am10.ExtensionTests;
				PRODUCT_NAME = "$(TARGET_NAME)";
				SWIFT_VERSION = 5.0;
				TARGETED_DEVICE_FAMILY = "1,2";
				TEST_HOST = "$(BUILT_PRODUCTS_DIR)/SwiftArchitecture.app/SwiftArchitecture";
			};
			name = Release;
		};
		0E014BD0231BF2F1008C4969 /* Debug */ = {
			isa = XCBuildConfiguration;
			buildSettings = {
				CODE_SIGN_IDENTITY = "";
				CODE_SIGN_STYLE = Automatic;
				CURRENT_PROJECT_VERSION = 1;
				DEFINES_MODULE = YES;
				DEVELOPMENT_TEAM = "";
				DYLIB_COMPATIBILITY_VERSION = 1;
				DYLIB_CURRENT_VERSION = 1;
				DYLIB_INSTALL_NAME_BASE = "@rpath";
				INFOPLIST_FILE = JSONExport/Info.plist;
				INSTALL_PATH = "$(LOCAL_LIBRARY_DIR)/Frameworks";
				IPHONEOS_DEPLOYMENT_TARGET = 10.0;
				LD_RUNPATH_SEARCH_PATHS = (
					"$(inherited)",
					"@executable_path/Frameworks",
					"@loader_path/Frameworks",
				);
				MTL_ENABLE_DEBUG_INFO = INCLUDE_SOURCE;
				MTL_FAST_MATH = YES;
				PRODUCT_BUNDLE_IDENTIFIER = am10.JSONExport;
				PRODUCT_NAME = "$(TARGET_NAME:c99extidentifier)";
				SKIP_INSTALL = YES;
				SWIFT_VERSION = 5.0;
				TARGETED_DEVICE_FAMILY = "1,2";
				VERSIONING_SYSTEM = "apple-generic";
				VERSION_INFO_PREFIX = "";
			};
			name = Debug;
		};
		0E014BD1231BF2F1008C4969 /* Release */ = {
			isa = XCBuildConfiguration;
			buildSettings = {
				CODE_SIGN_IDENTITY = "";
				CODE_SIGN_STYLE = Automatic;
				CURRENT_PROJECT_VERSION = 1;
				DEFINES_MODULE = YES;
				DEVELOPMENT_TEAM = "";
				DYLIB_COMPATIBILITY_VERSION = 1;
				DYLIB_CURRENT_VERSION = 1;
				DYLIB_INSTALL_NAME_BASE = "@rpath";
				INFOPLIST_FILE = JSONExport/Info.plist;
				INSTALL_PATH = "$(LOCAL_LIBRARY_DIR)/Frameworks";
				IPHONEOS_DEPLOYMENT_TARGET = 10.0;
				LD_RUNPATH_SEARCH_PATHS = (
					"$(inherited)",
					"@executable_path/Frameworks",
					"@loader_path/Frameworks",
				);
				MTL_FAST_MATH = YES;
				PRODUCT_BUNDLE_IDENTIFIER = am10.JSONExport;
				PRODUCT_NAME = "$(TARGET_NAME:c99extidentifier)";
				SKIP_INSTALL = YES;
				SWIFT_VERSION = 5.0;
				TARGETED_DEVICE_FAMILY = "1,2";
				VERSIONING_SYSTEM = "apple-generic";
				VERSION_INFO_PREFIX = "";
			};
			name = Release;
		};
		0E014BD3231BF2F1008C4969 /* Debug */ = {
			isa = XCBuildConfiguration;
			buildSettings = {
				ALWAYS_EMBED_SWIFT_STANDARD_LIBRARIES = YES;
				CODE_SIGN_STYLE = Automatic;
				DEVELOPMENT_TEAM = H5QW7TLM9U;
				INFOPLIST_FILE = JSONExportTests/Info.plist;
				IPHONEOS_DEPLOYMENT_TARGET = 12.2;
				LD_RUNPATH_SEARCH_PATHS = (
					"$(inherited)",
					"@executable_path/Frameworks",
					"@loader_path/Frameworks",
				);
				MTL_ENABLE_DEBUG_INFO = INCLUDE_SOURCE;
				MTL_FAST_MATH = YES;
				PRODUCT_BUNDLE_IDENTIFIER = am10.JSONExportTests;
				PRODUCT_NAME = "$(TARGET_NAME)";
				SWIFT_VERSION = 5.0;
				TARGETED_DEVICE_FAMILY = "1,2";
				TEST_HOST = "$(BUILT_PRODUCTS_DIR)/SwiftArchitecture.app/SwiftArchitecture";
			};
			name = Debug;
		};
		0E014BD4231BF2F1008C4969 /* Release */ = {
			isa = XCBuildConfiguration;
			buildSettings = {
				ALWAYS_EMBED_SWIFT_STANDARD_LIBRARIES = YES;
				CODE_SIGN_STYLE = Automatic;
				DEVELOPMENT_TEAM = H5QW7TLM9U;
				INFOPLIST_FILE = JSONExportTests/Info.plist;
				IPHONEOS_DEPLOYMENT_TARGET = 12.2;
				LD_RUNPATH_SEARCH_PATHS = (
					"$(inherited)",
					"@executable_path/Frameworks",
					"@loader_path/Frameworks",
				);
				MTL_FAST_MATH = YES;
				PRODUCT_BUNDLE_IDENTIFIER = am10.JSONExportTests;
				PRODUCT_NAME = "$(TARGET_NAME)";
				SWIFT_VERSION = 5.0;
				TARGETED_DEVICE_FAMILY = "1,2";
				TEST_HOST = "$(BUILT_PRODUCTS_DIR)/SwiftArchitecture.app/SwiftArchitecture";
			};
			name = Release;
		};
		0EDA9FC621D8FB9B00373792 /* Debug */ = {
			isa = XCBuildConfiguration;
			buildSettings = {
				ALWAYS_SEARCH_USER_PATHS = NO;
				CLANG_ANALYZER_LOCALIZABILITY_NONLOCALIZED = YES;
				CLANG_ANALYZER_NONNULL = YES;
				CLANG_ANALYZER_NUMBER_OBJECT_CONVERSION = YES_AGGRESSIVE;
				CLANG_CXX_LANGUAGE_STANDARD = "gnu++14";
				CLANG_CXX_LIBRARY = "libc++";
				CLANG_ENABLE_MODULES = YES;
				CLANG_ENABLE_OBJC_ARC = YES;
				CLANG_ENABLE_OBJC_WEAK = YES;
				CLANG_WARN_BLOCK_CAPTURE_AUTORELEASING = YES;
				CLANG_WARN_BOOL_CONVERSION = YES;
				CLANG_WARN_COMMA = YES;
				CLANG_WARN_CONSTANT_CONVERSION = YES;
				CLANG_WARN_DEPRECATED_OBJC_IMPLEMENTATIONS = YES;
				CLANG_WARN_DIRECT_OBJC_ISA_USAGE = YES_ERROR;
				CLANG_WARN_DOCUMENTATION_COMMENTS = YES;
				CLANG_WARN_EMPTY_BODY = YES;
				CLANG_WARN_ENUM_CONVERSION = YES;
				CLANG_WARN_INFINITE_RECURSION = YES;
				CLANG_WARN_INT_CONVERSION = YES;
				CLANG_WARN_NON_LITERAL_NULL_CONVERSION = YES;
				CLANG_WARN_OBJC_IMPLICIT_RETAIN_SELF = YES;
				CLANG_WARN_OBJC_LITERAL_CONVERSION = YES;
				CLANG_WARN_OBJC_ROOT_CLASS = YES_ERROR;
				CLANG_WARN_RANGE_LOOP_ANALYSIS = YES;
				CLANG_WARN_STRICT_PROTOTYPES = YES;
				CLANG_WARN_SUSPICIOUS_MOVE = YES;
				CLANG_WARN_UNGUARDED_AVAILABILITY = YES_AGGRESSIVE;
				CLANG_WARN_UNREACHABLE_CODE = YES;
				CLANG_WARN__DUPLICATE_METHOD_MATCH = YES;
				CODE_SIGN_IDENTITY = "iPhone Developer";
				COPY_PHASE_STRIP = NO;
				DEBUG_INFORMATION_FORMAT = dwarf;
				ENABLE_STRICT_OBJC_MSGSEND = YES;
				ENABLE_TESTABILITY = YES;
				GCC_C_LANGUAGE_STANDARD = gnu11;
				GCC_DYNAMIC_NO_PIC = NO;
				GCC_NO_COMMON_BLOCKS = YES;
				GCC_OPTIMIZATION_LEVEL = 0;
				GCC_PREPROCESSOR_DEFINITIONS = (
					"DEBUG=1",
					"$(inherited)",
				);
				GCC_WARN_64_TO_32_BIT_CONVERSION = YES;
				GCC_WARN_ABOUT_RETURN_TYPE = YES_ERROR;
				GCC_WARN_UNDECLARED_SELECTOR = YES;
				GCC_WARN_UNINITIALIZED_AUTOS = YES_AGGRESSIVE;
				GCC_WARN_UNUSED_FUNCTION = YES;
				GCC_WARN_UNUSED_VARIABLE = YES;
				IPHONEOS_DEPLOYMENT_TARGET = 10.0;
				MTL_ENABLE_DEBUG_INFO = YES;
				ONLY_ACTIVE_ARCH = YES;
				SDKROOT = iphoneos;
				SWIFT_ACTIVE_COMPILATION_CONDITIONS = DEBUG;
				SWIFT_OPTIMIZATION_LEVEL = "-Onone";
			};
			name = Debug;
		};
		0EDA9FC721D8FB9B00373792 /* Release */ = {
			isa = XCBuildConfiguration;
			buildSettings = {
				ALWAYS_SEARCH_USER_PATHS = NO;
				CLANG_ANALYZER_LOCALIZABILITY_NONLOCALIZED = YES;
				CLANG_ANALYZER_NONNULL = YES;
				CLANG_ANALYZER_NUMBER_OBJECT_CONVERSION = YES_AGGRESSIVE;
				CLANG_CXX_LANGUAGE_STANDARD = "gnu++14";
				CLANG_CXX_LIBRARY = "libc++";
				CLANG_ENABLE_MODULES = YES;
				CLANG_ENABLE_OBJC_ARC = YES;
				CLANG_ENABLE_OBJC_WEAK = YES;
				CLANG_WARN_BLOCK_CAPTURE_AUTORELEASING = YES;
				CLANG_WARN_BOOL_CONVERSION = YES;
				CLANG_WARN_COMMA = YES;
				CLANG_WARN_CONSTANT_CONVERSION = YES;
				CLANG_WARN_DEPRECATED_OBJC_IMPLEMENTATIONS = YES;
				CLANG_WARN_DIRECT_OBJC_ISA_USAGE = YES_ERROR;
				CLANG_WARN_DOCUMENTATION_COMMENTS = YES;
				CLANG_WARN_EMPTY_BODY = YES;
				CLANG_WARN_ENUM_CONVERSION = YES;
				CLANG_WARN_INFINITE_RECURSION = YES;
				CLANG_WARN_INT_CONVERSION = YES;
				CLANG_WARN_NON_LITERAL_NULL_CONVERSION = YES;
				CLANG_WARN_OBJC_IMPLICIT_RETAIN_SELF = YES;
				CLANG_WARN_OBJC_LITERAL_CONVERSION = YES;
				CLANG_WARN_OBJC_ROOT_CLASS = YES_ERROR;
				CLANG_WARN_RANGE_LOOP_ANALYSIS = YES;
				CLANG_WARN_STRICT_PROTOTYPES = YES;
				CLANG_WARN_SUSPICIOUS_MOVE = YES;
				CLANG_WARN_UNGUARDED_AVAILABILITY = YES_AGGRESSIVE;
				CLANG_WARN_UNREACHABLE_CODE = YES;
				CLANG_WARN__DUPLICATE_METHOD_MATCH = YES;
				CODE_SIGN_IDENTITY = "iPhone Developer";
				COPY_PHASE_STRIP = NO;
				DEBUG_INFORMATION_FORMAT = "dwarf-with-dsym";
				ENABLE_NS_ASSERTIONS = NO;
				ENABLE_STRICT_OBJC_MSGSEND = YES;
				GCC_C_LANGUAGE_STANDARD = gnu11;
				GCC_NO_COMMON_BLOCKS = YES;
				GCC_WARN_64_TO_32_BIT_CONVERSION = YES;
				GCC_WARN_ABOUT_RETURN_TYPE = YES_ERROR;
				GCC_WARN_UNDECLARED_SELECTOR = YES;
				GCC_WARN_UNINITIALIZED_AUTOS = YES_AGGRESSIVE;
				GCC_WARN_UNUSED_FUNCTION = YES;
				GCC_WARN_UNUSED_VARIABLE = YES;
				IPHONEOS_DEPLOYMENT_TARGET = 10.0;
				MTL_ENABLE_DEBUG_INFO = NO;
				SDKROOT = iphoneos;
				SWIFT_COMPILATION_MODE = wholemodule;
				SWIFT_OPTIMIZATION_LEVEL = "-O";
				VALIDATE_PRODUCT = YES;
			};
			name = Release;
		};
		0EDA9FC921D8FB9B00373792 /* Debug */ = {
			isa = XCBuildConfiguration;
			baseConfigurationReference = 40937C61C162CF54163C702C /* Pods-SwiftArchitecture.debug.xcconfig */;
			buildSettings = {
				ALWAYS_EMBED_SWIFT_STANDARD_LIBRARIES = YES;
				ASSETCATALOG_COMPILER_APPICON_NAME = AppIcon;
				CODE_SIGN_STYLE = Automatic;
				DEVELOPMENT_TEAM = "";
				FRAMEWORK_SEARCH_PATHS = (
					"$(inherited)",
					"$(PROJECT_DIR)/Carthage/Build/iOS",
				);
				INFOPLIST_FILE = "$(SRCROOT)/SwiftArchitecture/Resource/Info.plist";
				LD_RUNPATH_SEARCH_PATHS = (
					"$(inherited)",
					"@executable_path/Frameworks",
				);
				PRODUCT_BUNDLE_IDENTIFIER = am10.SwiftArchitecture;
				PRODUCT_NAME = "$(TARGET_NAME)";
				SWIFT_VERSION = 5.0;
				TARGETED_DEVICE_FAMILY = "1,2";
			};
			name = Debug;
		};
		0EDA9FCA21D8FB9B00373792 /* Release */ = {
			isa = XCBuildConfiguration;
			baseConfigurationReference = 5621B3F8C169EB2A55D363A2 /* Pods-SwiftArchitecture.release.xcconfig */;
			buildSettings = {
				ALWAYS_EMBED_SWIFT_STANDARD_LIBRARIES = YES;
				ASSETCATALOG_COMPILER_APPICON_NAME = AppIcon;
				CODE_SIGN_STYLE = Automatic;
				DEVELOPMENT_TEAM = "";
				FRAMEWORK_SEARCH_PATHS = (
					"$(inherited)",
					"$(PROJECT_DIR)/Carthage/Build/iOS",
				);
				INFOPLIST_FILE = "$(SRCROOT)/SwiftArchitecture/Resource/Info.plist";
				LD_RUNPATH_SEARCH_PATHS = (
					"$(inherited)",
					"@executable_path/Frameworks",
				);
				PRODUCT_BUNDLE_IDENTIFIER = am10.SwiftArchitecture;
				PRODUCT_NAME = "$(TARGET_NAME)";
				SWIFT_VERSION = 5.0;
				TARGETED_DEVICE_FAMILY = "1,2";
			};
			name = Release;
		};
		0EDA9FCC21D8FB9B00373792 /* Debug */ = {
			isa = XCBuildConfiguration;
			baseConfigurationReference = B8231336ABB1B7029A9C4C24 /* Pods-SwiftArchitectureTests.debug.xcconfig */;
			buildSettings = {
				ALWAYS_EMBED_SWIFT_STANDARD_LIBRARIES = YES;
				BUNDLE_LOADER = "$(TEST_HOST)";
				CODE_SIGN_STYLE = Automatic;
				DEVELOPMENT_TEAM = H5QW7TLM9U;
				FRAMEWORK_SEARCH_PATHS = (
					"$(inherited)",
					"$(PROJECT_DIR)/Carthage/Build/iOS",
				);
				INFOPLIST_FILE = SwiftArchitectureTests/Info.plist;
				LD_RUNPATH_SEARCH_PATHS = (
					"$(inherited)",
					"@executable_path/Frameworks",
					"@loader_path/Frameworks",
				);
				PRODUCT_BUNDLE_IDENTIFIER = am10.SwiftArchitectureTests;
				PRODUCT_NAME = "$(TARGET_NAME)";
				SWIFT_VERSION = 5.0;
				TARGETED_DEVICE_FAMILY = "1,2";
				TEST_HOST = "$(BUILT_PRODUCTS_DIR)/SwiftArchitecture.app/SwiftArchitecture";
			};
			name = Debug;
		};
		0EDA9FCD21D8FB9B00373792 /* Release */ = {
			isa = XCBuildConfiguration;
			baseConfigurationReference = 5BD8EC24D77D5EA2D94ABDC3 /* Pods-SwiftArchitectureTests.release.xcconfig */;
			buildSettings = {
				ALWAYS_EMBED_SWIFT_STANDARD_LIBRARIES = YES;
				BUNDLE_LOADER = "$(TEST_HOST)";
				CODE_SIGN_STYLE = Automatic;
				DEVELOPMENT_TEAM = H5QW7TLM9U;
				FRAMEWORK_SEARCH_PATHS = (
					"$(inherited)",
					"$(PROJECT_DIR)/Carthage/Build/iOS",
				);
				INFOPLIST_FILE = SwiftArchitectureTests/Info.plist;
				LD_RUNPATH_SEARCH_PATHS = (
					"$(inherited)",
					"@executable_path/Frameworks",
					"@loader_path/Frameworks",
				);
				PRODUCT_BUNDLE_IDENTIFIER = am10.SwiftArchitectureTests;
				PRODUCT_NAME = "$(TARGET_NAME)";
				SWIFT_VERSION = 5.0;
				TARGETED_DEVICE_FAMILY = "1,2";
				TEST_HOST = "$(BUILT_PRODUCTS_DIR)/SwiftArchitecture.app/SwiftArchitecture";
			};
			name = Release;
		};
		0EDA9FCF21D8FB9B00373792 /* Debug */ = {
			isa = XCBuildConfiguration;
			baseConfigurationReference = EB654A08AA455C431466FE2B /* Pods-SwiftArchitectureUITests.debug.xcconfig */;
			buildSettings = {
				ALWAYS_EMBED_SWIFT_STANDARD_LIBRARIES = YES;
				CODE_SIGN_STYLE = Automatic;
				DEVELOPMENT_TEAM = H5QW7TLM9U;
				FRAMEWORK_SEARCH_PATHS = (
					"$(inherited)",
					"$(PROJECT_DIR)/Carthage/Build/iOS",
				);
				INFOPLIST_FILE = SwiftArchitectureUITests/Info.plist;
				LD_RUNPATH_SEARCH_PATHS = (
					"$(inherited)",
					"@executable_path/Frameworks",
					"@loader_path/Frameworks",
				);
				PRODUCT_BUNDLE_IDENTIFIER = am10.SwiftArchitectureUITests;
				PRODUCT_NAME = "$(TARGET_NAME)";
				SWIFT_VERSION = 5.0;
				TARGETED_DEVICE_FAMILY = "1,2";
				TEST_TARGET_NAME = SwiftArchitecture;
			};
			name = Debug;
		};
		0EDA9FD021D8FB9B00373792 /* Release */ = {
			isa = XCBuildConfiguration;
			baseConfigurationReference = 69A8BA351E3F3F9D2CFEBC10 /* Pods-SwiftArchitectureUITests.release.xcconfig */;
			buildSettings = {
				ALWAYS_EMBED_SWIFT_STANDARD_LIBRARIES = YES;
				CODE_SIGN_STYLE = Automatic;
				DEVELOPMENT_TEAM = H5QW7TLM9U;
				FRAMEWORK_SEARCH_PATHS = (
					"$(inherited)",
					"$(PROJECT_DIR)/Carthage/Build/iOS",
				);
				INFOPLIST_FILE = SwiftArchitectureUITests/Info.plist;
				LD_RUNPATH_SEARCH_PATHS = (
					"$(inherited)",
					"@executable_path/Frameworks",
					"@loader_path/Frameworks",
				);
				PRODUCT_BUNDLE_IDENTIFIER = am10.SwiftArchitectureUITests;
				PRODUCT_NAME = "$(TARGET_NAME)";
				SWIFT_VERSION = 5.0;
				TARGETED_DEVICE_FAMILY = "1,2";
				TEST_TARGET_NAME = SwiftArchitecture;
			};
			name = Release;
		};
/* End XCBuildConfiguration section */

/* Begin XCConfigurationList section */
		0E014BAA231BEEEB008C4969 /* Build configuration list for PBXNativeTarget "Extension" */ = {
			isa = XCConfigurationList;
			buildConfigurations = (
				0E014BA6231BEEEB008C4969 /* Debug */,
				0E014BA7231BEEEB008C4969 /* Release */,
			);
			defaultConfigurationIsVisible = 0;
			defaultConfigurationName = Release;
		};
		0E014BAC231BEEEB008C4969 /* Build configuration list for PBXNativeTarget "ExtensionTests" */ = {
			isa = XCConfigurationList;
			buildConfigurations = (
				0E014BA8231BEEEB008C4969 /* Debug */,
				0E014BA9231BEEEB008C4969 /* Release */,
			);
			defaultConfigurationIsVisible = 0;
			defaultConfigurationName = Release;
		};
		0E014BCF231BF2F1008C4969 /* Build configuration list for PBXNativeTarget "JSONExport" */ = {
			isa = XCConfigurationList;
			buildConfigurations = (
				0E014BD0231BF2F1008C4969 /* Debug */,
				0E014BD1231BF2F1008C4969 /* Release */,
			);
			defaultConfigurationIsVisible = 0;
			defaultConfigurationName = Release;
		};
		0E014BD2231BF2F1008C4969 /* Build configuration list for PBXNativeTarget "JSONExportTests" */ = {
			isa = XCConfigurationList;
			buildConfigurations = (
				0E014BD3231BF2F1008C4969 /* Debug */,
				0E014BD4231BF2F1008C4969 /* Release */,
			);
			defaultConfigurationIsVisible = 0;
			defaultConfigurationName = Release;
		};
		0EDA9F9B21D8FB9900373792 /* Build configuration list for PBXProject "SwiftArchitecture" */ = {
			isa = XCConfigurationList;
			buildConfigurations = (
				0EDA9FC621D8FB9B00373792 /* Debug */,
				0EDA9FC721D8FB9B00373792 /* Release */,
			);
			defaultConfigurationIsVisible = 0;
			defaultConfigurationName = Release;
		};
		0EDA9FC821D8FB9B00373792 /* Build configuration list for PBXNativeTarget "SwiftArchitecture" */ = {
			isa = XCConfigurationList;
			buildConfigurations = (
				0EDA9FC921D8FB9B00373792 /* Debug */,
				0EDA9FCA21D8FB9B00373792 /* Release */,
			);
			defaultConfigurationIsVisible = 0;
			defaultConfigurationName = Release;
		};
		0EDA9FCB21D8FB9B00373792 /* Build configuration list for PBXNativeTarget "SwiftArchitectureTests" */ = {
			isa = XCConfigurationList;
			buildConfigurations = (
				0EDA9FCC21D8FB9B00373792 /* Debug */,
				0EDA9FCD21D8FB9B00373792 /* Release */,
			);
			defaultConfigurationIsVisible = 0;
			defaultConfigurationName = Release;
		};
		0EDA9FCE21D8FB9B00373792 /* Build configuration list for PBXNativeTarget "SwiftArchitectureUITests" */ = {
			isa = XCConfigurationList;
			buildConfigurations = (
				0EDA9FCF21D8FB9B00373792 /* Debug */,
				0EDA9FD021D8FB9B00373792 /* Release */,
			);
			defaultConfigurationIsVisible = 0;
			defaultConfigurationName = Release;
		};
/* End XCConfigurationList section */
	};
	rootObject = 0EDA9F9821D8FB9900373792 /* Project object */;
}
